{
  "originHash" : "977ef2d0b08e2c9b5e5af1688eca0398ca7e0a8beb79e16a5136e268aa36fed7",
  "pins" : [
    {
      "identity" : "asyncimage",
      "kind" : "remoteSourceControl",
      "location" : "https://github.com/baskurthalit/asyncImage.git",
      "state" : {
        "revision" : "081fd7fbcbea6ecec50265042f023b3ed5fed7cb",
        "version" : "1.0.3"
      }
    },
    {
      "identity" : "nsidemenu",
      "kind" : "remoteSourceControl",
      "location" : "https://github.com/itisnajim/NSideMenu.git",
      "state" : {
        "revision" : "a90f35d92d87ab0cc3466625cf235525aa832c51",
        "version" : "1.0.1"
      }
    }
  ],
  "version" : 3
}
