{
  "originHash" : "4d19614527bbd677bf4f4475eb15eea0ec854be44f186656e67734228002e8c3",
  "pins" : [
    {
      "identity" : "asyncimage",
      "kind" : "remoteSourceControl",
      "location" : "https://github.com/baskurthalit/asyncImage.git",
      "state" : {
        "revision" : "081fd7fbcbea6ecec50265042f023b3ed5fed7cb",
        "version" : "1.0.3"
      }
    },
    {
      "identity" : "nsidemenu",
      "kind" : "remoteSourceControl",
      "location" : "https://github.com/itisnajim/NSideMenu.git",
      "state" : {
        "revision" : "a90f35d92d87ab0cc3466625cf235525aa832c51",
        "version" : "1.0.1"
      }
    },
    {
      "identity" : "swiftui-mapview",
      "kind" : "remoteSourceControl",
      "location" : "https://github.com/sgade/swiftui-mapview",
      "state" : {
        "revision" : "be7a09f42176519e8504c1db4290506edcbcbda6",
        "version" : "1.2.2"
      }
    }
  ],
  "version" : 3
}
