// !$*UTF8*$!
{
	archiveVersion = 1;
	classes = {
	};
	objectVersion = 63;
	objects = {

/* Begin PBXBuildFile section */
		2C160A912CA858E400609207 /* FavoriteLocationsView.swift in Sources */ = {isa = PBXBuildFile; fileRef = 2C160A902CA858E400609207 /* FavoriteLocationsView.swift */; };
		2C160A942CA85A9C00609207 /* AddFavoriteLocationView.swift in Sources */ = {isa = PBXBuildFile; fileRef = 2C160A932CA85A9C00609207 /* AddFavoriteLocationView.swift */; };
		2C160A962CA85AB100609207 /* AddFavoriteLocationViewModel.swift in Sources */ = {isa = PBXBuildFile; fileRef = 2C160A952CA85AA400609207 /* AddFavoriteLocationViewModel.swift */; };
		2C160A992CA85E8400609207 /* BackgroundViewWrapper.swift in Sources */ = {isa = PBXBuildFile; fileRef = 2C160A982CA85E8400609207 /* BackgroundViewWrapper.swift */; };
		2C160A9A2CA85E8400609207 /* Untitled.swift in Sources */ = {isa = PBXBuildFile; fileRef = 2C160A972CA85E5900609207 /* Untitled.swift */; };
		2C160A9C2CA862D000609207 /* SimpleTextEditor.swift in Sources */ = {isa = PBXBuildFile; fileRef = 2C160A9B2CA862D000609207 /* SimpleTextEditor.swift */; };
		2C160A9E2CA8676F00609207 /* SimpleToggleButton.swift in Sources */ = {isa = PBXBuildFile; fileRef = 2C160A9D2CA8676F00609207 /* SimpleToggleButton.swift */; };
		2C160AA12CA86DCD00609207 /* ShareWithView.swift in Sources */ = {isa = PBXBuildFile; fileRef = 2C160AA02CA86DCD00609207 /* ShareWithView.swift */; };
		2C160AA42CA872B100609207 /* CheckInScheduleView.swift in Sources */ = {isa = PBXBuildFile; fileRef = 2C160AA32CA8729B00609207 /* CheckInScheduleView.swift */; };
		2C160AA72CA87ED000609207 /* ReportMainView.swift in Sources */ = {isa = PBXBuildFile; fileRef = 2C160AA62CA87ED000609207 /* ReportMainView.swift */; };
		2C160AAA2CA882C400609207 /* ReportTypeView.swift in Sources */ = {isa = PBXBuildFile; fileRef = 2C160AA92CA882C400609207 /* ReportTypeView.swift */; };
		2C618A632CA8C40300BFAB47 /* DownloadedReportsView.swift in Sources */ = {isa = PBXBuildFile; fileRef = 2C618A622CA8C40300BFAB47 /* DownloadedReportsView.swift */; };
		2C8346B62CA61A71009B9310 /* BottomRoundedBackgroundRectangle.swift in Sources */ = {isa = PBXBuildFile; fileRef = 2C8346B52CA61A71009B9310 /* BottomRoundedBackgroundRectangle.swift */; };
		2C8346B82CA62107009B9310 /* PackageCard.swift in Sources */ = {isa = PBXBuildFile; fileRef = 2C8346B72CA62107009B9310 /* PackageCard.swift */; };
		2C8346BB2CA626C5009B9310 /* SubscriptionView.swift in Sources */ = {isa = PBXBuildFile; fileRef = 2C8346BA2CA626C5009B9310 /* SubscriptionView.swift */; };
		2CD57A402CA450920012E862 /* ManageBoostView.swift in Sources */ = {isa = PBXBuildFile; fileRef = 2CD57A3F2CA450920012E862 /* ManageBoostView.swift */; };
		2CE3B5DB2CA6CA04000A5F5E /* ContactUsView.swift in Sources */ = {isa = PBXBuildFile; fileRef = 2CE3B5DA2CA6CA04000A5F5E /* ContactUsView.swift */; };
		2CE3B5DD2CA6CC9E000A5F5E /* ContactUsViewModel.swift in Sources */ = {isa = PBXBuildFile; fileRef = 2CE3B5DC2CA6CC8F000A5F5E /* ContactUsViewModel.swift */; };
		2CE3B5E72CA6D224000A5F5E /* CountryNumbers.json in Resources */ = {isa = PBXBuildFile; fileRef = 2CE3B5E02CA6D224000A5F5E /* CountryNumbers.json */; };
		2CE3B5E92CA6D2CA000A5F5E /* CountryPhoneData.swift in Sources */ = {isa = PBXBuildFile; fileRef = 2CE3B5E82CA6D2BF000A5F5E /* CountryPhoneData.swift */; };
		2CE3B5EB2CA6D361000A5F5E /* CountryPhoneDataDecoder.swift in Sources */ = {isa = PBXBuildFile; fileRef = 2CE3B5EA2CA6D34F000A5F5E /* CountryPhoneDataDecoder.swift */; };
		2CE3B5ED2CA6D3D7000A5F5E /* PhoneNumberView.swift in Sources */ = {isa = PBXBuildFile; fileRef = 2CE3B5EC2CA6D3CF000A5F5E /* PhoneNumberView.swift */; };
		2CE3B5F02CA6DA54000A5F5E /* AddEasterEggView.swift in Sources */ = {isa = PBXBuildFile; fileRef = 2CE3B5EF2CA6DA54000A5F5E /* AddEasterEggView.swift */; };
		2CE3B5F42CA6DB54000A5F5E /* EasterEggTypeDropdownMenuView.swift in Sources */ = {isa = PBXBuildFile; fileRef = 2CE3B5F32CA6DB54000A5F5E /* EasterEggTypeDropdownMenuView.swift */; };
		2CE3B5F62CA711C0000A5F5E /* AddEasterEggViewModel.swift in Sources */ = {isa = PBXBuildFile; fileRef = 2CE3B5F52CA71006000A5F5E /* AddEasterEggViewModel.swift */; };
		2CE3B5F82CA719DD000A5F5E /* EasterEggFrequencyEnum.swift in Sources */ = {isa = PBXBuildFile; fileRef = 2CE3B5F72CA719BA000A5F5E /* EasterEggFrequencyEnum.swift */; };
		2CE3B5FA2CA72888000A5F5E /* AddMediaButtonView.swift in Sources */ = {isa = PBXBuildFile; fileRef = 2CE3B5F92CA72888000A5F5E /* AddMediaButtonView.swift */; };
		2CE3B5FE2CA7311F000A5F5E /* SelectAllRadioButton.swift in Sources */ = {isa = PBXBuildFile; fileRef = 2CE3B5FD2CA7311F000A5F5E /* SelectAllRadioButton.swift */; };
		2CE3B6002CA734D3000A5F5E /* DayRadioButtonView.swift in Sources */ = {isa = PBXBuildFile; fileRef = 2CE3B5FF2CA734B7000A5F5E /* DayRadioButtonView.swift */; };
		2CE3B6022CA73517000A5F5E /* WeekdayEnum.swift in Sources */ = {isa = PBXBuildFile; fileRef = 2CE3B6012CA7350E000A5F5E /* WeekdayEnum.swift */; };
		2CE3B6042CA743A7000A5F5E /* SimpleTextButtonView.swift in Sources */ = {isa = PBXBuildFile; fileRef = 2CE3B6032CA743A7000A5F5E /* SimpleTextButtonView.swift */; };
		2CE3B6062CA7515D000A5F5E /* DateAndTimeUtils.swift in Sources */ = {isa = PBXBuildFile; fileRef = 2CE3B6052CA75155000A5F5E /* DateAndTimeUtils.swift */; };
		2CE3B6082CA772DD000A5F5E /* TimeSelectView.swift in Sources */ = {isa = PBXBuildFile; fileRef = 2CE3B6072CA772DD000A5F5E /* TimeSelectView.swift */; };
		2CE3B60B2CA77B46000A5F5E /* EasterEggsView.swift in Sources */ = {isa = PBXBuildFile; fileRef = 2CE3B60A2CA77B46000A5F5E /* EasterEggsView.swift */; };
		2CE3B60D2CA77B57000A5F5E /* EasterEggsViewModel.swift in Sources */ = {isa = PBXBuildFile; fileRef = 2CE3B60C2CA77B4F000A5F5E /* EasterEggsViewModel.swift */; };
		3713FF3D2C8E381500CDFF1E /* RadioView.swift in Sources */ = {isa = PBXBuildFile; fileRef = 3713FF3C2C8E381500CDFF1E /* RadioView.swift */; };
		3713FF3F2C8E458200CDFF1E /* AppBarView.swift in Sources */ = {isa = PBXBuildFile; fileRef = 3713FF3E2C8E458200CDFF1E /* AppBarView.swift */; };
		376BDB5D2C939C3500F1500F /* AppConstants.swift in Sources */ = {isa = PBXBuildFile; fileRef = 376BDB5C2C939C3500F1500F /* AppConstants.swift */; };
		376BDB5F2C93A34600F1500F /* StorageHandler.swift in Sources */ = {isa = PBXBuildFile; fileRef = 376BDB5E2C93A34600F1500F /* StorageHandler.swift */; };
		3795F18B2C93147700B06D4F /* MyAlerts.swift in Sources */ = {isa = PBXBuildFile; fileRef = 3795F18A2C93147700B06D4F /* MyAlerts.swift */; };
		3795F18E2C9315F300B06D4F /* ApiEnums.swift in Sources */ = {isa = PBXBuildFile; fileRef = 3795F18D2C9315F300B06D4F /* ApiEnums.swift */; };
		3795F1902C931F2600B06D4F /* ApiResponseModel.swift in Sources */ = {isa = PBXBuildFile; fileRef = 3795F18F2C931F2600B06D4F /* ApiResponseModel.swift */; };
		3795F1922C931FA300B06D4F /* ApiErrorModel.swift in Sources */ = {isa = PBXBuildFile; fileRef = 3795F1912C931FA300B06D4F /* ApiErrorModel.swift */; };
		37A9A32C2C8A1C7800A47DA6 /* NSideMenu in Frameworks */ = {isa = PBXBuildFile; productRef = 37A9A32B2C8A1C7800A47DA6 /* NSideMenu */; };
		37A9A3552C8A39A700A47DA6 /* sideMenu.swift in Sources */ = {isa = PBXBuildFile; fileRef = 37A9A3542C8A39A600A47DA6 /* sideMenu.swift */; };
		37A9A3572C8A3A2200A47DA6 /* ImageOnCircle.swift in Sources */ = {isa = PBXBuildFile; fileRef = 37A9A3562C8A3A2200A47DA6 /* ImageOnCircle.swift */; };
		37B272182C8DFF16001BB0E0 /* MyExtensions.swift in Sources */ = {isa = PBXBuildFile; fileRef = 37B272172C8DFF16001BB0E0 /* MyExtensions.swift */; };
		37B2721A2C8E0AA6001BB0E0 /* Side_Menu_Row_View.swift in Sources */ = {isa = PBXBuildFile; fileRef = 37B272192C8E0AA6001BB0E0 /* Side_Menu_Row_View.swift */; };
		37B2721D2C8E1251001BB0E0 /* Invite_Member_view.swift in Sources */ = {isa = PBXBuildFile; fileRef = 37B2721C2C8E1251001BB0E0 /* Invite_Member_view.swift */; };
		37B272202C8E1B9F001BB0E0 /* PermissionLevelEnums.swift in Sources */ = {isa = PBXBuildFile; fileRef = 37B2721F2C8E1B9F001BB0E0 /* PermissionLevelEnums.swift */; };
		A2002EE22AAB750C006D9AB8 /* TFBottomBar.swift in Sources */ = {isa = PBXBuildFile; fileRef = A2002EE12AAB750C006D9AB8 /* TFBottomBar.swift */; };
		A2097B252AB35251003C27C6 /* SettingView.swift in Sources */ = {isa = PBXBuildFile; fileRef = A2097B242AB35251003C27C6 /* SettingView.swift */; };
		A2097B272AB38216003C27C6 /* Helpers.swift in Sources */ = {isa = PBXBuildFile; fileRef = A2097B262AB38216003C27C6 /* Helpers.swift */; };
		A2163D962AB4B28900A981CC /* NotificationView.swift in Sources */ = {isa = PBXBuildFile; fileRef = A2163D952AB4B28900A981CC /* NotificationView.swift */; };
		A2163D982AB4B32800A981CC /* ConversationView.swift in Sources */ = {isa = PBXBuildFile; fileRef = A2163D972AB4B32800A981CC /* ConversationView.swift */; };
		A2163D9B2AB4BD3E00A981CC /* ChatView.swift in Sources */ = {isa = PBXBuildFile; fileRef = A2163D9A2AB4BD3E00A981CC /* ChatView.swift */; };
		A2163DA42AB4C1C500A981CC /* ViewportHelper.swift in Sources */ = {isa = PBXBuildFile; fileRef = A2163DA32AB4C1C400A981CC /* ViewportHelper.swift */; };
		A254CC012AA7826200FAE281 /* SignupView.swift in Sources */ = {isa = PBXBuildFile; fileRef = A254CC002AA7826200FAE281 /* SignupView.swift */; };
		A254CC032AA788BD00FAE281 /* UnderLinePincodeView.swift in Sources */ = {isa = PBXBuildFile; fileRef = A254CC022AA788BD00FAE281 /* UnderLinePincodeView.swift */; };
		A254CC052AA78F4500FAE281 /* TFCapsuleButton.swift in Sources */ = {isa = PBXBuildFile; fileRef = A254CC042AA78F4500FAE281 /* TFCapsuleButton.swift */; };
		A26446802ADFC0D1006A9885 /* Assets.xcassets in Resources */ = {isa = PBXBuildFile; fileRef = A264467F2ADFC0D1006A9885 /* Assets.xcassets */; };
		A2BCBB672AA0FE9800DE6255 /* TeatherappApp.swift in Sources */ = {isa = PBXBuildFile; fileRef = A2BCBB662AA0FE9800DE6255 /* TeatherappApp.swift */; };
		A2BCBB692AA0FE9800DE6255 /* LoginView.swift in Sources */ = {isa = PBXBuildFile; fileRef = A2BCBB682AA0FE9800DE6255 /* LoginView.swift */; };
		A2BCBB6E2AA0FE9A00DE6255 /* Preview Assets.xcassets in Resources */ = {isa = PBXBuildFile; fileRef = A2BCBB6D2AA0FE9A00DE6255 /* Preview Assets.xcassets */; };
		A2BCBB752AA10AC400DE6255 /* TFButton.swift in Sources */ = {isa = PBXBuildFile; fileRef = A2BCBB742AA10AC400DE6255 /* TFButton.swift */; };
		A2CEE1952AA6442900BDFF30 /* Colors.xcassets in Resources */ = {isa = PBXBuildFile; fileRef = A2CEE1932AA6442900BDFF30 /* Colors.xcassets */; };
		A2CEE1982AA647D200BDFF30 /* ResetPassword.swift in Sources */ = {isa = PBXBuildFile; fileRef = A2CEE1972AA647D200BDFF30 /* ResetPassword.swift */; };
		A2CEE19A2AA649C800BDFF30 /* HomeView.swift in Sources */ = {isa = PBXBuildFile; fileRef = A2CEE1992AA649C800BDFF30 /* HomeView.swift */; };
		A2DED4012AAF77D6004CF21B /* CheckinView.swift in Sources */ = {isa = PBXBuildFile; fileRef = A2DED4002AAF77D6004CF21B /* CheckinView.swift */; };
		A2DED4032AAF7CCE004CF21B /* ShapeClasses.swift in Sources */ = {isa = PBXBuildFile; fileRef = A2DED4022AAF7CCE004CF21B /* ShapeClasses.swift */; };
		A2E8FD962AAA33F10020C6E6 /* DashboardMap.swift in Sources */ = {isa = PBXBuildFile; fileRef = A2E8FD952AAA33F10020C6E6 /* DashboardMap.swift */; };
		BD0F55F62AE44F4700198F67 /* AppDelegate.swift in Sources */ = {isa = PBXBuildFile; fileRef = BD0F55F52AE44F4700198F67 /* AppDelegate.swift */; };
		BD0F55FB2AE4556B00198F67 /* CalendarView.swift in Sources */ = {isa = PBXBuildFile; fileRef = BD0F55FA2AE4556B00198F67 /* CalendarView.swift */; };
		BD12A8CE2AE3A79B00A61445 /* CountryPicker.swift in Sources */ = {isa = PBXBuildFile; fileRef = BD12A8CD2AE3A79B00A61445 /* CountryPicker.swift */; };
		BD1AF1522B29F1E800DC3388 /* UsersLocationModel.swift in Sources */ = {isa = PBXBuildFile; fileRef = BD1AF1512B29F1E800DC3388 /* UsersLocationModel.swift */; };
		BD1AF1542B29FBE100DC3388 /* UsersLocationViewModel.swift in Sources */ = {isa = PBXBuildFile; fileRef = BD1AF1532B29FBE100DC3388 /* UsersLocationViewModel.swift */; };
		BD27D60D2AF3E5AD00D54FA6 /* LoadingView.swift in Sources */ = {isa = PBXBuildFile; fileRef = BD27D60C2AF3E5AD00D54FA6 /* LoadingView.swift */; };
		BD27D6112AF3FAFE00D54FA6 /* UserAuth.swift in Sources */ = {isa = PBXBuildFile; fileRef = BD27D6102AF3FAFE00D54FA6 /* UserAuth.swift */; };
		BD29D9DA2B3E07F1006B8755 /* SwiftUIMapView in Frameworks */ = {isa = PBXBuildFile; productRef = BD29D9D92B3E07F1006B8755 /* SwiftUIMapView */; };
		BD29D9DC2B3E083D006B8755 /* LocationManager.swift in Sources */ = {isa = PBXBuildFile; fileRef = BD29D9DB2B3E083D006B8755 /* LocationManager.swift */; };
		BD38F4672AEA4B560032FAC7 /* UnderLineTabBarView.swift in Sources */ = {isa = PBXBuildFile; fileRef = BD38F4662AEA4B560032FAC7 /* UnderLineTabBarView.swift */; };
		BD3AECAF2AE2C49E00DEB032 /* LoginModel.swift in Sources */ = {isa = PBXBuildFile; fileRef = BD3AECAE2AE2C49E00DEB032 /* LoginModel.swift */; };
		BD3AECB12AE2D0C400DEB032 /* SignupModel.swift in Sources */ = {isa = PBXBuildFile; fileRef = BD3AECB02AE2D0C400DEB032 /* SignupModel.swift */; };
		BD3AECB32AE2D1C100DEB032 /* SignupViewModel.swift in Sources */ = {isa = PBXBuildFile; fileRef = BD3AECB22AE2D1C100DEB032 /* SignupViewModel.swift */; };
		BD4945FA2AFAC024007B7867 /* TimeInterval.swift in Sources */ = {isa = PBXBuildFile; fileRef = BD4945F92AFAC024007B7867 /* TimeInterval.swift */; };
		BD4B18ED2AF2D9C80066E9DB /* ConversationModel.swift in Sources */ = {isa = PBXBuildFile; fileRef = BD4B18EC2AF2D9C80066E9DB /* ConversationModel.swift */; };
		BD4B18F02AF2DCBC0066E9DB /* ConversationViewModel.swift in Sources */ = {isa = PBXBuildFile; fileRef = BD4B18EF2AF2DCBC0066E9DB /* ConversationViewModel.swift */; };
		BD4B18F22AF2E27D0066E9DB /* ChatModel.swift in Sources */ = {isa = PBXBuildFile; fileRef = BD4B18F12AF2E27D0066E9DB /* ChatModel.swift */; };
		BD4B18F42AF2E3020066E9DB /* ChatViewModel.swift in Sources */ = {isa = PBXBuildFile; fileRef = BD4B18F32AF2E3020066E9DB /* ChatViewModel.swift */; };
		BD51B72D2AE66B5800EB6106 /* TFBottomBarModel.swift in Sources */ = {isa = PBXBuildFile; fileRef = BD51B72C2AE66B5800EB6106 /* TFBottomBarModel.swift */; };
		BD547E232AFE4E79008BDAA5 /* SceneDelegate.swift in Sources */ = {isa = PBXBuildFile; fileRef = BD547E222AFE4E79008BDAA5 /* SceneDelegate.swift */; };
		BD547E252AFE4FD9008BDAA5 /* RootViewController.swift in Sources */ = {isa = PBXBuildFile; fileRef = BD547E242AFE4FD9008BDAA5 /* RootViewController.swift */; };
		BD547E2B2AFE627D008BDAA5 /* UserDetailsModel.swift in Sources */ = {isa = PBXBuildFile; fileRef = BD547E2A2AFE627D008BDAA5 /* UserDetailsModel.swift */; };
		BD547E2E2AFE62FC008BDAA5 /* UserDetailsViewModel.swift in Sources */ = {isa = PBXBuildFile; fileRef = BD547E2D2AFE62FC008BDAA5 /* UserDetailsViewModel.swift */; };
		BD547E302AFE6DF1008BDAA5 /* GetDateOrTime.swift in Sources */ = {isa = PBXBuildFile; fileRef = BD547E2F2AFE6DF1008BDAA5 /* GetDateOrTime.swift */; };
		BD691B0D2AEFB038009869D8 /* SOSView.swift in Sources */ = {isa = PBXBuildFile; fileRef = BD691B0C2AEFB038009869D8 /* SOSView.swift */; };
		BD6C789B2B0269F5007A19FE /* Constant.swift in Sources */ = {isa = PBXBuildFile; fileRef = BD6C789A2B0269F5007A19FE /* Constant.swift */; };
		BD83E05E2B46E4AF00DB27C8 /* HistoryView.swift in Sources */ = {isa = PBXBuildFile; fileRef = BD83E05D2B46E4AF00DB27C8 /* HistoryView.swift */; };
		BD949AB62B3AC6AF00FB290D /* JobRequestView.swift in Sources */ = {isa = PBXBuildFile; fileRef = BD949AB52B3AC6AF00FB290D /* JobRequestView.swift */; };
		BD949AB92B3AC70200FB290D /* TimeSheetView.swift in Sources */ = {isa = PBXBuildFile; fileRef = BD949AB82B3AC70200FB290D /* TimeSheetView.swift */; };
		BDAE9FBB2AFC260300975341 /* MessageView.swift in Sources */ = {isa = PBXBuildFile; fileRef = BDAE9FBA2AFC260300975341 /* MessageView.swift */; };
		BDB60B8E2AE1B1BA002ABBBC /* TextFields.swift in Sources */ = {isa = PBXBuildFile; fileRef = BDB60B8D2AE1B1BA002ABBBC /* TextFields.swift */; };
		BDB60B902AE1B4B4002ABBBC /* LoginViewModel.swift in Sources */ = {isa = PBXBuildFile; fileRef = BDB60B8F2AE1B4B4002ABBBC /* LoginViewModel.swift */; };
		BDB60B922AE1B55D002ABBBC /* APIManager.swift in Sources */ = {isa = PBXBuildFile; fileRef = BDB60B912AE1B55D002ABBBC /* APIManager.swift */; };
		BDB60B952AE1B609002ABBBC /* ApiLinks.swift in Sources */ = {isa = PBXBuildFile; fileRef = BDB60B942AE1B609002ABBBC /* ApiLinks.swift */; };
		BDD6F73A2AE849700080AC4C /* HeaderBarView.swift in Sources */ = {isa = PBXBuildFile; fileRef = BDD6F7392AE849700080AC4C /* HeaderBarView.swift */; };
		BDEF99F02AFFF62B00EDA94F /* MessageModel.swift in Sources */ = {isa = PBXBuildFile; fileRef = BDEF99EF2AFFF62B00EDA94F /* MessageModel.swift */; };
		BDEF99F22AFFF6AC00EDA94F /* MessageViewModel.swift in Sources */ = {isa = PBXBuildFile; fileRef = BDEF99F12AFFF6AC00EDA94F /* MessageViewModel.swift */; };
		BDEF99F42B01E7BF00EDA94F /* AppModel.swift in Sources */ = {isa = PBXBuildFile; fileRef = BDEF99F32B01E7BF00EDA94F /* AppModel.swift */; };
		DDA9B35A878D118E911B96CC /* Pods_Teatherapp.framework in Frameworks */ = {isa = PBXBuildFile; fileRef = 06B9111F618872B56ED3F28F /* Pods_Teatherapp.framework */; };
/* End PBXBuildFile section */

/* Begin PBXFileReference section */
		06B9111F618872B56ED3F28F /* Pods_Teatherapp.framework */ = {isa = PBXFileReference; explicitFileType = wrapper.framework; includeInIndex = 0; path = Pods_Teatherapp.framework; sourceTree = BUILT_PRODUCTS_DIR; };
		2C160A902CA858E400609207 /* FavoriteLocationsView.swift */ = {isa = PBXFileReference; lastKnownFileType = sourcecode.swift; path = FavoriteLocationsView.swift; sourceTree = "<group>"; };
		2C160A932CA85A9C00609207 /* AddFavoriteLocationView.swift */ = {isa = PBXFileReference; lastKnownFileType = sourcecode.swift; path = AddFavoriteLocationView.swift; sourceTree = "<group>"; };
		2C160A952CA85AA400609207 /* AddFavoriteLocationViewModel.swift */ = {isa = PBXFileReference; lastKnownFileType = sourcecode.swift; path = AddFavoriteLocationViewModel.swift; sourceTree = "<group>"; };
		2C160A972CA85E5900609207 /* Untitled.swift */ = {isa = PBXFileReference; lastKnownFileType = sourcecode.swift; path = Untitled.swift; sourceTree = "<group>"; };
		2C160A982CA85E8400609207 /* BackgroundViewWrapper.swift */ = {isa = PBXFileReference; lastKnownFileType = sourcecode.swift; path = BackgroundViewWrapper.swift; sourceTree = "<group>"; };
		2C160A9B2CA862D000609207 /* SimpleTextEditor.swift */ = {isa = PBXFileReference; lastKnownFileType = sourcecode.swift; path = SimpleTextEditor.swift; sourceTree = "<group>"; };
		2C160A9D2CA8676F00609207 /* SimpleToggleButton.swift */ = {isa = PBXFileReference; lastKnownFileType = sourcecode.swift; path = SimpleToggleButton.swift; sourceTree = "<group>"; };
		2C160AA02CA86DCD00609207 /* ShareWithView.swift */ = {isa = PBXFileReference; lastKnownFileType = sourcecode.swift; path = ShareWithView.swift; sourceTree = "<group>"; };
		2C160AA32CA8729B00609207 /* CheckInScheduleView.swift */ = {isa = PBXFileReference; lastKnownFileType = sourcecode.swift; path = CheckInScheduleView.swift; sourceTree = "<group>"; };
		2C160AA62CA87ED000609207 /* ReportMainView.swift */ = {isa = PBXFileReference; lastKnownFileType = sourcecode.swift; path = ReportMainView.swift; sourceTree = "<group>"; };
		2C160AA92CA882C400609207 /* ReportTypeView.swift */ = {isa = PBXFileReference; lastKnownFileType = sourcecode.swift; path = ReportTypeView.swift; sourceTree = "<group>"; };
		2C618A622CA8C40300BFAB47 /* DownloadedReportsView.swift */ = {isa = PBXFileReference; lastKnownFileType = sourcecode.swift; path = DownloadedReportsView.swift; sourceTree = "<group>"; };
		2C8346B52CA61A71009B9310 /* BottomRoundedBackgroundRectangle.swift */ = {isa = PBXFileReference; lastKnownFileType = sourcecode.swift; path = BottomRoundedBackgroundRectangle.swift; sourceTree = "<group>"; };
		2C8346B72CA62107009B9310 /* PackageCard.swift */ = {isa = PBXFileReference; lastKnownFileType = sourcecode.swift; path = PackageCard.swift; sourceTree = "<group>"; };
		2C8346BA2CA626C5009B9310 /* SubscriptionView.swift */ = {isa = PBXFileReference; lastKnownFileType = sourcecode.swift; path = SubscriptionView.swift; sourceTree = "<group>"; };
		2CD57A3F2CA450920012E862 /* ManageBoostView.swift */ = {isa = PBXFileReference; lastKnownFileType = sourcecode.swift; path = ManageBoostView.swift; sourceTree = "<group>"; };
		2CE3B5DA2CA6CA04000A5F5E /* ContactUsView.swift */ = {isa = PBXFileReference; lastKnownFileType = sourcecode.swift; path = ContactUsView.swift; sourceTree = "<group>"; };
		2CE3B5DC2CA6CC8F000A5F5E /* ContactUsViewModel.swift */ = {isa = PBXFileReference; lastKnownFileType = sourcecode.swift; path = ContactUsViewModel.swift; sourceTree = "<group>"; };
		2CE3B5E02CA6D224000A5F5E /* CountryNumbers.json */ = {isa = PBXFileReference; lastKnownFileType = text.json; path = CountryNumbers.json; sourceTree = "<group>"; };
		2CE3B5E82CA6D2BF000A5F5E /* CountryPhoneData.swift */ = {isa = PBXFileReference; lastKnownFileType = sourcecode.swift; path = CountryPhoneData.swift; sourceTree = "<group>"; };
		2CE3B5EA2CA6D34F000A5F5E /* CountryPhoneDataDecoder.swift */ = {isa = PBXFileReference; lastKnownFileType = sourcecode.swift; path = CountryPhoneDataDecoder.swift; sourceTree = "<group>"; };
		2CE3B5EC2CA6D3CF000A5F5E /* PhoneNumberView.swift */ = {isa = PBXFileReference; lastKnownFileType = sourcecode.swift; path = PhoneNumberView.swift; sourceTree = "<group>"; };
		2CE3B5EF2CA6DA54000A5F5E /* AddEasterEggView.swift */ = {isa = PBXFileReference; lastKnownFileType = sourcecode.swift; path = AddEasterEggView.swift; sourceTree = "<group>"; };
		2CE3B5F32CA6DB54000A5F5E /* EasterEggTypeDropdownMenuView.swift */ = {isa = PBXFileReference; lastKnownFileType = sourcecode.swift; path = EasterEggTypeDropdownMenuView.swift; sourceTree = "<group>"; };
		2CE3B5F52CA71006000A5F5E /* AddEasterEggViewModel.swift */ = {isa = PBXFileReference; lastKnownFileType = sourcecode.swift; path = AddEasterEggViewModel.swift; sourceTree = "<group>"; };
		2CE3B5F72CA719BA000A5F5E /* EasterEggFrequencyEnum.swift */ = {isa = PBXFileReference; lastKnownFileType = sourcecode.swift; path = EasterEggFrequencyEnum.swift; sourceTree = "<group>"; };
		2CE3B5F92CA72888000A5F5E /* AddMediaButtonView.swift */ = {isa = PBXFileReference; lastKnownFileType = sourcecode.swift; path = AddMediaButtonView.swift; sourceTree = "<group>"; };
		2CE3B5FD2CA7311F000A5F5E /* SelectAllRadioButton.swift */ = {isa = PBXFileReference; lastKnownFileType = sourcecode.swift; path = SelectAllRadioButton.swift; sourceTree = "<group>"; };
		2CE3B5FF2CA734B7000A5F5E /* DayRadioButtonView.swift */ = {isa = PBXFileReference; lastKnownFileType = sourcecode.swift; path = DayRadioButtonView.swift; sourceTree = "<group>"; };
		2CE3B6012CA7350E000A5F5E /* WeekdayEnum.swift */ = {isa = PBXFileReference; lastKnownFileType = sourcecode.swift; path = WeekdayEnum.swift; sourceTree = "<group>"; };
		2CE3B6032CA743A7000A5F5E /* SimpleTextButtonView.swift */ = {isa = PBXFileReference; lastKnownFileType = sourcecode.swift; path = SimpleTextButtonView.swift; sourceTree = "<group>"; };
		2CE3B6052CA75155000A5F5E /* DateAndTimeUtils.swift */ = {isa = PBXFileReference; lastKnownFileType = sourcecode.swift; path = DateAndTimeUtils.swift; sourceTree = "<group>"; };
		2CE3B6072CA772DD000A5F5E /* TimeSelectView.swift */ = {isa = PBXFileReference; lastKnownFileType = sourcecode.swift; path = TimeSelectView.swift; sourceTree = "<group>"; };
		2CE3B60A2CA77B46000A5F5E /* EasterEggsView.swift */ = {isa = PBXFileReference; lastKnownFileType = sourcecode.swift; path = EasterEggsView.swift; sourceTree = "<group>"; };
		2CE3B60C2CA77B4F000A5F5E /* EasterEggsViewModel.swift */ = {isa = PBXFileReference; lastKnownFileType = sourcecode.swift; path = EasterEggsViewModel.swift; sourceTree = "<group>"; };
		3713FF3C2C8E381500CDFF1E /* RadioView.swift */ = {isa = PBXFileReference; lastKnownFileType = sourcecode.swift; path = RadioView.swift; sourceTree = "<group>"; };
		3713FF3E2C8E458200CDFF1E /* AppBarView.swift */ = {isa = PBXFileReference; lastKnownFileType = sourcecode.swift; path = AppBarView.swift; sourceTree = "<group>"; };
		376BDB5C2C939C3500F1500F /* AppConstants.swift */ = {isa = PBXFileReference; lastKnownFileType = sourcecode.swift; path = AppConstants.swift; sourceTree = "<group>"; };
		376BDB5E2C93A34600F1500F /* StorageHandler.swift */ = {isa = PBXFileReference; lastKnownFileType = sourcecode.swift; path = StorageHandler.swift; sourceTree = "<group>"; };
		3795F18A2C93147700B06D4F /* MyAlerts.swift */ = {isa = PBXFileReference; lastKnownFileType = sourcecode.swift; path = MyAlerts.swift; sourceTree = "<group>"; };
		3795F18D2C9315F300B06D4F /* ApiEnums.swift */ = {isa = PBXFileReference; lastKnownFileType = sourcecode.swift; path = ApiEnums.swift; sourceTree = "<group>"; };
		3795F18F2C931F2600B06D4F /* ApiResponseModel.swift */ = {isa = PBXFileReference; lastKnownFileType = sourcecode.swift; path = ApiResponseModel.swift; sourceTree = "<group>"; };
		3795F1912C931FA300B06D4F /* ApiErrorModel.swift */ = {isa = PBXFileReference; lastKnownFileType = sourcecode.swift; path = ApiErrorModel.swift; sourceTree = "<group>"; };
		37A9A3542C8A39A600A47DA6 /* sideMenu.swift */ = {isa = PBXFileReference; lastKnownFileType = sourcecode.swift; path = sideMenu.swift; sourceTree = "<group>"; };
		37A9A3562C8A3A2200A47DA6 /* ImageOnCircle.swift */ = {isa = PBXFileReference; lastKnownFileType = sourcecode.swift; path = ImageOnCircle.swift; sourceTree = "<group>"; };
		37B272172C8DFF16001BB0E0 /* MyExtensions.swift */ = {isa = PBXFileReference; lastKnownFileType = sourcecode.swift; path = MyExtensions.swift; sourceTree = "<group>"; };
		37B272192C8E0AA6001BB0E0 /* Side_Menu_Row_View.swift */ = {isa = PBXFileReference; lastKnownFileType = sourcecode.swift; path = Side_Menu_Row_View.swift; sourceTree = "<group>"; };
		37B2721C2C8E1251001BB0E0 /* Invite_Member_view.swift */ = {isa = PBXFileReference; lastKnownFileType = sourcecode.swift; path = Invite_Member_view.swift; sourceTree = "<group>"; };
		37B2721F2C8E1B9F001BB0E0 /* PermissionLevelEnums.swift */ = {isa = PBXFileReference; lastKnownFileType = sourcecode.swift; path = PermissionLevelEnums.swift; sourceTree = "<group>"; };
		A2002EE12AAB750C006D9AB8 /* TFBottomBar.swift */ = {isa = PBXFileReference; lastKnownFileType = sourcecode.swift; path = TFBottomBar.swift; sourceTree = "<group>"; };
		A2097B242AB35251003C27C6 /* SettingView.swift */ = {isa = PBXFileReference; lastKnownFileType = sourcecode.swift; path = SettingView.swift; sourceTree = "<group>"; };
		A2097B262AB38216003C27C6 /* Helpers.swift */ = {isa = PBXFileReference; lastKnownFileType = sourcecode.swift; path = Helpers.swift; sourceTree = "<group>"; };
		A2163D952AB4B28900A981CC /* NotificationView.swift */ = {isa = PBXFileReference; lastKnownFileType = sourcecode.swift; path = NotificationView.swift; sourceTree = "<group>"; };
		A2163D972AB4B32800A981CC /* ConversationView.swift */ = {isa = PBXFileReference; lastKnownFileType = sourcecode.swift; path = ConversationView.swift; sourceTree = "<group>"; };
		A2163D9A2AB4BD3E00A981CC /* ChatView.swift */ = {isa = PBXFileReference; lastKnownFileType = sourcecode.swift; path = ChatView.swift; sourceTree = "<group>"; };
		A2163DA32AB4C1C400A981CC /* ViewportHelper.swift */ = {isa = PBXFileReference; fileEncoding = 4; lastKnownFileType = sourcecode.swift; path = ViewportHelper.swift; sourceTree = "<group>"; };
		A254CC002AA7826200FAE281 /* SignupView.swift */ = {isa = PBXFileReference; lastKnownFileType = sourcecode.swift; path = SignupView.swift; sourceTree = "<group>"; };
		A254CC022AA788BD00FAE281 /* UnderLinePincodeView.swift */ = {isa = PBXFileReference; lastKnownFileType = sourcecode.swift; path = UnderLinePincodeView.swift; sourceTree = "<group>"; };
		A254CC042AA78F4500FAE281 /* TFCapsuleButton.swift */ = {isa = PBXFileReference; lastKnownFileType = sourcecode.swift; path = TFCapsuleButton.swift; sourceTree = "<group>"; };
		A264467F2ADFC0D1006A9885 /* Assets.xcassets */ = {isa = PBXFileReference; lastKnownFileType = folder.assetcatalog; path = Assets.xcassets; sourceTree = "<group>"; };
		A2BCBB632AA0FE9800DE6255 /* Tethr.app */ = {isa = PBXFileReference; explicitFileType = wrapper.application; includeInIndex = 0; path = Tethr.app; sourceTree = BUILT_PRODUCTS_DIR; };
		A2BCBB662AA0FE9800DE6255 /* TeatherappApp.swift */ = {isa = PBXFileReference; lastKnownFileType = sourcecode.swift; path = TeatherappApp.swift; sourceTree = "<group>"; };
		A2BCBB682AA0FE9800DE6255 /* LoginView.swift */ = {isa = PBXFileReference; lastKnownFileType = sourcecode.swift; path = LoginView.swift; sourceTree = "<group>"; };
		A2BCBB6D2AA0FE9A00DE6255 /* Preview Assets.xcassets */ = {isa = PBXFileReference; lastKnownFileType = folder.assetcatalog; path = "Preview Assets.xcassets"; sourceTree = "<group>"; };
		A2BCBB742AA10AC400DE6255 /* TFButton.swift */ = {isa = PBXFileReference; lastKnownFileType = sourcecode.swift; path = TFButton.swift; sourceTree = "<group>"; };
		A2CEE1932AA6442900BDFF30 /* Colors.xcassets */ = {isa = PBXFileReference; lastKnownFileType = folder.assetcatalog; path = Colors.xcassets; sourceTree = "<group>"; };
		A2CEE1972AA647D200BDFF30 /* ResetPassword.swift */ = {isa = PBXFileReference; lastKnownFileType = sourcecode.swift; path = ResetPassword.swift; sourceTree = "<group>"; };
		A2CEE1992AA649C800BDFF30 /* HomeView.swift */ = {isa = PBXFileReference; lastKnownFileType = sourcecode.swift; path = HomeView.swift; sourceTree = "<group>"; };
		A2DED4002AAF77D6004CF21B /* CheckinView.swift */ = {isa = PBXFileReference; lastKnownFileType = sourcecode.swift; path = CheckinView.swift; sourceTree = "<group>"; };
		A2DED4022AAF7CCE004CF21B /* ShapeClasses.swift */ = {isa = PBXFileReference; lastKnownFileType = sourcecode.swift; path = ShapeClasses.swift; sourceTree = "<group>"; };
		A2E8FD952AAA33F10020C6E6 /* DashboardMap.swift */ = {isa = PBXFileReference; lastKnownFileType = sourcecode.swift; path = DashboardMap.swift; sourceTree = "<group>"; };
		A47B9C91E5D8751B30D135CE /* Pods-Teatherapp.debug.xcconfig */ = {isa = PBXFileReference; includeInIndex = 1; lastKnownFileType = text.xcconfig; name = "Pods-Teatherapp.debug.xcconfig"; path = "Target Support Files/Pods-Teatherapp/Pods-Teatherapp.debug.xcconfig"; sourceTree = "<group>"; };
		AFBCE7539916E841B8948DDA /* Pods-Teatherapp.release.xcconfig */ = {isa = PBXFileReference; includeInIndex = 1; lastKnownFileType = text.xcconfig; name = "Pods-Teatherapp.release.xcconfig"; path = "Target Support Files/Pods-Teatherapp/Pods-Teatherapp.release.xcconfig"; sourceTree = "<group>"; };
		BD0F55F52AE44F4700198F67 /* AppDelegate.swift */ = {isa = PBXFileReference; lastKnownFileType = sourcecode.swift; path = AppDelegate.swift; sourceTree = "<group>"; };
		BD0F55FA2AE4556B00198F67 /* CalendarView.swift */ = {isa = PBXFileReference; lastKnownFileType = sourcecode.swift; path = CalendarView.swift; sourceTree = "<group>"; };
		BD12A8CD2AE3A79B00A61445 /* CountryPicker.swift */ = {isa = PBXFileReference; lastKnownFileType = sourcecode.swift; path = CountryPicker.swift; sourceTree = "<group>"; };
		BD1AF1512B29F1E800DC3388 /* UsersLocationModel.swift */ = {isa = PBXFileReference; lastKnownFileType = sourcecode.swift; path = UsersLocationModel.swift; sourceTree = "<group>"; };
		BD1AF1532B29FBE100DC3388 /* UsersLocationViewModel.swift */ = {isa = PBXFileReference; lastKnownFileType = sourcecode.swift; path = UsersLocationViewModel.swift; sourceTree = "<group>"; };
		BD27D60C2AF3E5AD00D54FA6 /* LoadingView.swift */ = {isa = PBXFileReference; lastKnownFileType = sourcecode.swift; path = LoadingView.swift; sourceTree = "<group>"; };
		BD27D6102AF3FAFE00D54FA6 /* UserAuth.swift */ = {isa = PBXFileReference; lastKnownFileType = sourcecode.swift; path = UserAuth.swift; sourceTree = "<group>"; };
		BD29D9DB2B3E083D006B8755 /* LocationManager.swift */ = {isa = PBXFileReference; lastKnownFileType = sourcecode.swift; path = LocationManager.swift; sourceTree = "<group>"; };
		BD38F4662AEA4B560032FAC7 /* UnderLineTabBarView.swift */ = {isa = PBXFileReference; lastKnownFileType = sourcecode.swift; path = UnderLineTabBarView.swift; sourceTree = "<group>"; };
		BD3AECAE2AE2C49E00DEB032 /* LoginModel.swift */ = {isa = PBXFileReference; lastKnownFileType = sourcecode.swift; path = LoginModel.swift; sourceTree = "<group>"; };
		BD3AECB02AE2D0C400DEB032 /* SignupModel.swift */ = {isa = PBXFileReference; lastKnownFileType = sourcecode.swift; path = SignupModel.swift; sourceTree = "<group>"; };
		BD3AECB22AE2D1C100DEB032 /* SignupViewModel.swift */ = {isa = PBXFileReference; lastKnownFileType = sourcecode.swift; path = SignupViewModel.swift; sourceTree = "<group>"; };
		BD4945F92AFAC024007B7867 /* TimeInterval.swift */ = {isa = PBXFileReference; lastKnownFileType = sourcecode.swift; path = TimeInterval.swift; sourceTree = "<group>"; };
		BD4B18EC2AF2D9C80066E9DB /* ConversationModel.swift */ = {isa = PBXFileReference; lastKnownFileType = sourcecode.swift; path = ConversationModel.swift; sourceTree = "<group>"; };
		BD4B18EF2AF2DCBC0066E9DB /* ConversationViewModel.swift */ = {isa = PBXFileReference; lastKnownFileType = sourcecode.swift; path = ConversationViewModel.swift; sourceTree = "<group>"; };
		BD4B18F12AF2E27D0066E9DB /* ChatModel.swift */ = {isa = PBXFileReference; lastKnownFileType = sourcecode.swift; path = ChatModel.swift; sourceTree = "<group>"; };
		BD4B18F32AF2E3020066E9DB /* ChatViewModel.swift */ = {isa = PBXFileReference; lastKnownFileType = sourcecode.swift; path = ChatViewModel.swift; sourceTree = "<group>"; };
		BD51B72C2AE66B5800EB6106 /* TFBottomBarModel.swift */ = {isa = PBXFileReference; lastKnownFileType = sourcecode.swift; path = TFBottomBarModel.swift; sourceTree = "<group>"; };
		BD547E222AFE4E79008BDAA5 /* SceneDelegate.swift */ = {isa = PBXFileReference; lastKnownFileType = sourcecode.swift; path = SceneDelegate.swift; sourceTree = "<group>"; };
		BD547E242AFE4FD9008BDAA5 /* RootViewController.swift */ = {isa = PBXFileReference; lastKnownFileType = sourcecode.swift; path = RootViewController.swift; sourceTree = "<group>"; };
		BD547E2A2AFE627D008BDAA5 /* UserDetailsModel.swift */ = {isa = PBXFileReference; lastKnownFileType = sourcecode.swift; path = UserDetailsModel.swift; sourceTree = "<group>"; };
		BD547E2D2AFE62FC008BDAA5 /* UserDetailsViewModel.swift */ = {isa = PBXFileReference; lastKnownFileType = sourcecode.swift; path = UserDetailsViewModel.swift; sourceTree = "<group>"; };
		BD547E2F2AFE6DF1008BDAA5 /* GetDateOrTime.swift */ = {isa = PBXFileReference; lastKnownFileType = sourcecode.swift; path = GetDateOrTime.swift; sourceTree = "<group>"; };
		BD691B0C2AEFB038009869D8 /* SOSView.swift */ = {isa = PBXFileReference; lastKnownFileType = sourcecode.swift; path = SOSView.swift; sourceTree = "<group>"; };
		BD6C789A2B0269F5007A19FE /* Constant.swift */ = {isa = PBXFileReference; lastKnownFileType = sourcecode.swift; path = Constant.swift; sourceTree = "<group>"; };
		BD83E05D2B46E4AF00DB27C8 /* HistoryView.swift */ = {isa = PBXFileReference; lastKnownFileType = sourcecode.swift; path = HistoryView.swift; sourceTree = "<group>"; };
		BD949AB52B3AC6AF00FB290D /* JobRequestView.swift */ = {isa = PBXFileReference; lastKnownFileType = sourcecode.swift; path = JobRequestView.swift; sourceTree = "<group>"; };
		BD949AB82B3AC70200FB290D /* TimeSheetView.swift */ = {isa = PBXFileReference; lastKnownFileType = sourcecode.swift; path = TimeSheetView.swift; sourceTree = "<group>"; };
		BDAE9FBA2AFC260300975341 /* MessageView.swift */ = {isa = PBXFileReference; lastKnownFileType = sourcecode.swift; path = MessageView.swift; sourceTree = "<group>"; };
		BDB60B8D2AE1B1BA002ABBBC /* TextFields.swift */ = {isa = PBXFileReference; lastKnownFileType = sourcecode.swift; path = TextFields.swift; sourceTree = "<group>"; };
		BDB60B8F2AE1B4B4002ABBBC /* LoginViewModel.swift */ = {isa = PBXFileReference; lastKnownFileType = sourcecode.swift; path = LoginViewModel.swift; sourceTree = "<group>"; };
		BDB60B912AE1B55D002ABBBC /* APIManager.swift */ = {isa = PBXFileReference; lastKnownFileType = sourcecode.swift; path = APIManager.swift; sourceTree = "<group>"; };
		BDB60B942AE1B609002ABBBC /* ApiLinks.swift */ = {isa = PBXFileReference; lastKnownFileType = sourcecode.swift; path = ApiLinks.swift; sourceTree = "<group>"; };
		BDD6F7392AE849700080AC4C /* HeaderBarView.swift */ = {isa = PBXFileReference; lastKnownFileType = sourcecode.swift; path = HeaderBarView.swift; sourceTree = "<group>"; };
		BDE020A92AEA781C00DCB17E /* Info.plist */ = {isa = PBXFileReference; lastKnownFileType = text.plist; path = Info.plist; sourceTree = "<group>"; };
		BDEF99EF2AFFF62B00EDA94F /* MessageModel.swift */ = {isa = PBXFileReference; lastKnownFileType = sourcecode.swift; path = MessageModel.swift; sourceTree = "<group>"; };
		BDEF99F12AFFF6AC00EDA94F /* MessageViewModel.swift */ = {isa = PBXFileReference; lastKnownFileType = sourcecode.swift; path = MessageViewModel.swift; sourceTree = "<group>"; };
		BDEF99F32B01E7BF00EDA94F /* AppModel.swift */ = {isa = PBXFileReference; lastKnownFileType = sourcecode.swift; path = AppModel.swift; sourceTree = "<group>"; };
/* End PBXFileReference section */

/* Begin PBXFrameworksBuildPhase section */
		A2BCBB602AA0FE9800DE6255 /* Frameworks */ = {
			isa = PBXFrameworksBuildPhase;
			buildActionMask = 2147483647;
			files = (
				BD29D9DA2B3E07F1006B8755 /* SwiftUIMapView in Frameworks */,
				DDA9B35A878D118E911B96CC /* Pods_Teatherapp.framework in Frameworks */,
				37A9A32C2C8A1C7800A47DA6 /* NSideMenu in Frameworks */,
			);
			runOnlyForDeploymentPostprocessing = 0;
		};
/* End PBXFrameworksBuildPhase section */

/* Begin PBXGroup section */
		2C160A8E2CA854FD00609207 /* SharedComponents */ = {
			isa = PBXGroup;
			children = (
			);
			path = SharedComponents;
			sourceTree = "<group>";
		};
		2C160A8F2CA858B700609207 /* FavoriteLocation */ = {
			isa = PBXGroup;
			children = (
				2C160A922CA85A6E00609207 /* AddFavoriteLocation */,
				2C160A902CA858E400609207 /* FavoriteLocationsView.swift */,
			);
			path = FavoriteLocation;
			sourceTree = "<group>";
		};
		2C160A922CA85A6E00609207 /* AddFavoriteLocation */ = {
			isa = PBXGroup;
			children = (
				2C160A9F2CA86DA500609207 /* UiComponents */,
				2C160A952CA85AA400609207 /* AddFavoriteLocationViewModel.swift */,
				2C160A932CA85A9C00609207 /* AddFavoriteLocationView.swift */,
			);
			path = AddFavoriteLocation;
			sourceTree = "<group>";
		};
		2C160A9F2CA86DA500609207 /* UiComponents */ = {
			isa = PBXGroup;
			children = (
				2C160AA02CA86DCD00609207 /* ShareWithView.swift */,
			);
			path = UiComponents;
			sourceTree = "<group>";
		};
		2C160AA22CA8727F00609207 /* CheckIn Schedule */ = {
			isa = PBXGroup;
			children = (
				2C160AA32CA8729B00609207 /* CheckInScheduleView.swift */,
			);
			path = "CheckIn Schedule";
			sourceTree = "<group>";
		};
		2C160AA52CA87EB700609207 /* Reports */ = {
			isa = PBXGroup;
			children = (
				2C618A5F2CA8C3DE00BFAB47 /* DownloadedReports */,
				2C160AA82CA882A300609207 /* UI Components */,
				2C160AA62CA87ED000609207 /* ReportMainView.swift */,
			);
			path = Reports;
			sourceTree = "<group>";
		};
		2C160AA82CA882A300609207 /* UI Components */ = {
			isa = PBXGroup;
			children = (
				2C160AA92CA882C400609207 /* ReportTypeView.swift */,
			);
			path = "UI Components";
			sourceTree = "<group>";
		};
		2C618A5F2CA8C3DE00BFAB47 /* DownloadedReports */ = {
			isa = PBXGroup;
			children = (
				2C618A622CA8C40300BFAB47 /* DownloadedReportsView.swift */,
			);
			path = DownloadedReports;
			sourceTree = "<group>";
		};
		2C8346B92CA62698009B9310 /* components */ = {
			isa = PBXGroup;
			children = (
				2C8346BA2CA626C5009B9310 /* SubscriptionView.swift */,
			);
			path = components;
			sourceTree = "<group>";
		};
		2CD57A3D2CA44F660012E862 /* SideMenu */ = {
			isa = PBXGroup;
			children = (
				2C160AA52CA87EB700609207 /* Reports */,
				2C160AA22CA8727F00609207 /* CheckIn Schedule */,
				2C160A8F2CA858B700609207 /* FavoriteLocation */,
				2CE3B6092CA77B16000A5F5E /* EasterEgg */,
				2CE3B5EE2CA6DA2D000A5F5E /* AddEasterEgg */,
				2CE3B5D92CA6C8F3000A5F5E /* ContactUs */,
				2CD57A3E2CA44F970012E862 /* ManageBoost */,
			);
			path = SideMenu;
			sourceTree = "<group>";
		};
		2CD57A3E2CA44F970012E862 /* ManageBoost */ = {
			isa = PBXGroup;
			children = (
				2C8346B92CA62698009B9310 /* components */,
				2CD57A3F2CA450920012E862 /* ManageBoostView.swift */,
			);
			path = ManageBoost;
			sourceTree = "<group>";
		};
		2CE3B5D92CA6C8F3000A5F5E /* ContactUs */ = {
			isa = PBXGroup;
			children = (
				2CE3B5DC2CA6CC8F000A5F5E /* ContactUsViewModel.swift */,
				2CE3B5DA2CA6CA04000A5F5E /* ContactUsView.swift */,
			);
			path = ContactUs;
			sourceTree = "<group>";
		};
		2CE3B5DF2CA6D1FE000A5F5E /* PhoneNumber */ = {
			isa = PBXGroup;
			children = (
				2CE3B5EC2CA6D3CF000A5F5E /* PhoneNumberView.swift */,
				2CE3B5EA2CA6D34F000A5F5E /* CountryPhoneDataDecoder.swift */,
				2CE3B5E82CA6D2BF000A5F5E /* CountryPhoneData.swift */,
				2CE3B5E02CA6D224000A5F5E /* CountryNumbers.json */,
			);
			path = PhoneNumber;
			sourceTree = "<group>";
		};
		2CE3B5EE2CA6DA2D000A5F5E /* AddEasterEgg */ = {
			isa = PBXGroup;
			children = (
				2CE3B5F52CA71006000A5F5E /* AddEasterEggViewModel.swift */,
				2CE3B5F12CA6DB15000A5F5E /* Components */,
				2CE3B5EF2CA6DA54000A5F5E /* AddEasterEggView.swift */,
			);
			path = AddEasterEgg;
			sourceTree = "<group>";
		};
		2CE3B5F12CA6DB15000A5F5E /* Components */ = {
			isa = PBXGroup;
			children = (
				2CE3B5FF2CA734B7000A5F5E /* DayRadioButtonView.swift */,
				2CE3B5F32CA6DB54000A5F5E /* EasterEggTypeDropdownMenuView.swift */,
				2CE3B5F92CA72888000A5F5E /* AddMediaButtonView.swift */,
				2CE3B6072CA772DD000A5F5E /* TimeSelectView.swift */,
			);
			path = Components;
			sourceTree = "<group>";
		};
		2CE3B6092CA77B16000A5F5E /* EasterEgg */ = {
			isa = PBXGroup;
			children = (
				2CE3B60C2CA77B4F000A5F5E /* EasterEggsViewModel.swift */,
				2CE3B60A2CA77B46000A5F5E /* EasterEggsView.swift */,
			);
			path = EasterEgg;
			sourceTree = "<group>";
		};
		3713FF3B2C8E37F000CDFF1E /* UiComponents */ = {
			isa = PBXGroup;
			children = (
				3713FF3C2C8E381500CDFF1E /* RadioView.swift */,
			);
			path = UiComponents;
			sourceTree = "<group>";
		};
		376BDB5B2C939C1A00F1500F /* Utils */ = {
			isa = PBXGroup;
			children = (
				2CE3B6052CA75155000A5F5E /* DateAndTimeUtils.swift */,
				376BDB5C2C939C3500F1500F /* AppConstants.swift */,
				376BDB5E2C93A34600F1500F /* StorageHandler.swift */,
			);
			path = Utils;
			sourceTree = "<group>";
		};
		37B2721B2C8E122F001BB0E0 /* Member */ = {
			isa = PBXGroup;
			children = (
				3713FF3B2C8E37F000CDFF1E /* UiComponents */,
				37B2721C2C8E1251001BB0E0 /* Invite_Member_view.swift */,
			);
			path = Member;
			sourceTree = "<group>";
		};
		37B2721E2C8E1B70001BB0E0 /* MyEnums */ = {
			isa = PBXGroup;
			children = (
				2CE3B6012CA7350E000A5F5E /* WeekdayEnum.swift */,
				2CE3B5F72CA719BA000A5F5E /* EasterEggFrequencyEnum.swift */,
				37B2721F2C8E1B9F001BB0E0 /* PermissionLevelEnums.swift */,
				3795F18D2C9315F300B06D4F /* ApiEnums.swift */,
			);
			path = MyEnums;
			sourceTree = "<group>";
		};
		A2097B232AB35237003C27C6 /* Setting */ = {
			isa = PBXGroup;
			children = (
				A2097B242AB35251003C27C6 /* SettingView.swift */,
			);
			path = Setting;
			sourceTree = "<group>";
		};
		A2163D932AB4B26300A981CC /* Login */ = {
			isa = PBXGroup;
			children = (
				BDB60B8F2AE1B4B4002ABBBC /* LoginViewModel.swift */,
				A2BCBB682AA0FE9800DE6255 /* LoginView.swift */,
			);
			path = Login;
			sourceTree = "<group>";
		};
		A2163D942AB4B26B00A981CC /* Signup */ = {
			isa = PBXGroup;
			children = (
				BD3AECB22AE2D1C100DEB032 /* SignupViewModel.swift */,
				A254CC002AA7826200FAE281 /* SignupView.swift */,
			);
			path = Signup;
			sourceTree = "<group>";
		};
		A2163D992AB4B33200A981CC /* Chat */ = {
			isa = PBXGroup;
			children = (
				BD4B18EB2AF2D99F0066E9DB /* Conversation */,
				BD4B18EE2AF2DC890066E9DB /* Chat */,
			);
			path = Chat;
			sourceTree = "<group>";
		};
		A2BCBB5A2AA0FE9800DE6255 = {
			isa = PBXGroup;
			children = (
				A2BCBB652AA0FE9800DE6255 /* Teatherapp */,
				A2BCBB642AA0FE9800DE6255 /* Products */,
				B3D637B612F118D97E6754DD /* Pods */,
				EE1CE420CD132D0C251FAED9 /* Frameworks */,
			);
			sourceTree = "<group>";
		};
		A2BCBB642AA0FE9800DE6255 /* Products */ = {
			isa = PBXGroup;
			children = (
				A2BCBB632AA0FE9800DE6255 /* Tethr.app */,
			);
			name = Products;
			sourceTree = "<group>";
		};
		A2BCBB652AA0FE9800DE6255 /* Teatherapp */ = {
			isa = PBXGroup;
			children = (
				2CE3B5DF2CA6D1FE000A5F5E /* PhoneNumber */,
				376BDB5B2C939C1A00F1500F /* Utils */,
				37B2721E2C8E1B70001BB0E0 /* MyEnums */,
				BDE020A92AEA781C00DCB17E /* Info.plist */,
				BD0F55F52AE44F4700198F67 /* AppDelegate.swift */,
				BD547E222AFE4E79008BDAA5 /* SceneDelegate.swift */,
				BD27D6102AF3FAFE00D54FA6 /* UserAuth.swift */,
				A2BCBB662AA0FE9800DE6255 /* TeatherappApp.swift */,
				BD547E242AFE4FD9008BDAA5 /* RootViewController.swift */,
				BD547E2C2AFE62A6008BDAA5 /* UserDetails */,
				A2CEE1902AA63D4F00BDFF30 /* Views */,
				A2BCBB762AA10ACF00DE6255 /* UI Components */,
				BD45FC472AE30EB100B5989A /* GoogleMap */,
				BD29D9D62B3E04A8006B8755 /* Models */,
				BD29D9D72B3E0522006B8755 /* WebServices */,
				A2DED4042AAF8764004CF21B /* Helpers */,
				BDB60B932AE1B5E6002ABBBC /* Network */,
				A2BCBB6C2AA0FE9A00DE6255 /* Preview Content */,
				A2CEE1932AA6442900BDFF30 /* Colors.xcassets */,
				A264467F2ADFC0D1006A9885 /* Assets.xcassets */,
			);
			path = Teatherapp;
			sourceTree = "<group>";
		};
		A2BCBB6C2AA0FE9A00DE6255 /* Preview Content */ = {
			isa = PBXGroup;
			children = (
				A2BCBB6D2AA0FE9A00DE6255 /* Preview Assets.xcassets */,
			);
			path = "Preview Content";
			sourceTree = "<group>";
		};
		A2BCBB762AA10ACF00DE6255 /* UI Components */ = {
			isa = PBXGroup;
			children = (
				2C160A972CA85E5900609207 /* Untitled.swift */,
				2C160A8E2CA854FD00609207 /* SharedComponents */,
				A2BCBB742AA10AC400DE6255 /* TFButton.swift */,
				A254CC022AA788BD00FAE281 /* UnderLinePincodeView.swift */,
				A254CC042AA78F4500FAE281 /* TFCapsuleButton.swift */,
				BDB60B8D2AE1B1BA002ABBBC /* TextFields.swift */,
				BD12A8CD2AE3A79B00A61445 /* CountryPicker.swift */,
				BDD6F7392AE849700080AC4C /* HeaderBarView.swift */,
				BD38F4662AEA4B560032FAC7 /* UnderLineTabBarView.swift */,
				BD27D60C2AF3E5AD00D54FA6 /* LoadingView.swift */,
				37A9A3542C8A39A600A47DA6 /* sideMenu.swift */,
				37A9A3562C8A3A2200A47DA6 /* ImageOnCircle.swift */,
				37B272192C8E0AA6001BB0E0 /* Side_Menu_Row_View.swift */,
				3713FF3E2C8E458200CDFF1E /* AppBarView.swift */,
				2C8346B52CA61A71009B9310 /* BottomRoundedBackgroundRectangle.swift */,
				2C8346B72CA62107009B9310 /* PackageCard.swift */,
				2CE3B5FD2CA7311F000A5F5E /* SelectAllRadioButton.swift */,
				2CE3B6032CA743A7000A5F5E /* SimpleTextButtonView.swift */,
				2C160A982CA85E8400609207 /* BackgroundViewWrapper.swift */,
				2C160A9B2CA862D000609207 /* SimpleTextEditor.swift */,
				2C160A9D2CA8676F00609207 /* SimpleToggleButton.swift */,
			);
			path = "UI Components";
			sourceTree = "<group>";
		};
		A2CEE1902AA63D4F00BDFF30 /* Views */ = {
			isa = PBXGroup;
			children = (
				2CD57A3D2CA44F660012E862 /* SideMenu */,
				37B2721B2C8E122F001BB0E0 /* Member */,
				A2163D932AB4B26300A981CC /* Login */,
				A2163D942AB4B26B00A981CC /* Signup */,
				A2DED4052AAF87DD004CF21B /* Reset */,
				A2E8FD912AAA2C9A0020C6E6 /* Home */,
				BD83E05C2B46E48E00DB27C8 /* History */,
				BDB60B8A2AE1A8B0002ABBBC /* JobRequest */,
				BDB60B8B2AE1A8D7002ABBBC /* Checkin */,
				BD0F55F92AE4555500198F67 /* Calendar */,
				BD949AB72B3AC6E700FB290D /* TimeSheet */,
				A2097B232AB35237003C27C6 /* Setting */,
				A2163D992AB4B33200A981CC /* Chat */,
				BDB60B8C2AE1A8F1002ABBBC /* Notification */,
			);
			path = Views;
			sourceTree = "<group>";
		};
		A2DED4042AAF8764004CF21B /* Helpers */ = {
			isa = PBXGroup;
			children = (
				A2163DA32AB4C1C400A981CC /* ViewportHelper.swift */,
				A2DED4022AAF7CCE004CF21B /* ShapeClasses.swift */,
				A2097B262AB38216003C27C6 /* Helpers.swift */,
				BD4945F92AFAC024007B7867 /* TimeInterval.swift */,
				BD547E2F2AFE6DF1008BDAA5 /* GetDateOrTime.swift */,
				37B272172C8DFF16001BB0E0 /* MyExtensions.swift */,
				3795F18A2C93147700B06D4F /* MyAlerts.swift */,
			);
			path = Helpers;
			sourceTree = "<group>";
		};
		A2DED4052AAF87DD004CF21B /* Reset */ = {
			isa = PBXGroup;
			children = (
				A2CEE1972AA647D200BDFF30 /* ResetPassword.swift */,
			);
			path = Reset;
			sourceTree = "<group>";
		};
		A2E8FD912AAA2C9A0020C6E6 /* Home */ = {
			isa = PBXGroup;
			children = (
				A2CEE1992AA649C800BDFF30 /* HomeView.swift */,
				A2E8FD952AAA33F10020C6E6 /* DashboardMap.swift */,
				BD691B0C2AEFB038009869D8 /* SOSView.swift */,
				A2002EE12AAB750C006D9AB8 /* TFBottomBar.swift */,
				BD51B72C2AE66B5800EB6106 /* TFBottomBarModel.swift */,
			);
			path = Home;
			sourceTree = "<group>";
		};
		B3D637B612F118D97E6754DD /* Pods */ = {
			isa = PBXGroup;
			children = (
				A47B9C91E5D8751B30D135CE /* Pods-Teatherapp.debug.xcconfig */,
				AFBCE7539916E841B8948DDA /* Pods-Teatherapp.release.xcconfig */,
			);
			path = Pods;
			sourceTree = "<group>";
		};
		BD0F55F92AE4555500198F67 /* Calendar */ = {
			isa = PBXGroup;
			children = (
				BD0F55FA2AE4556B00198F67 /* CalendarView.swift */,
			);
			path = Calendar;
			sourceTree = "<group>";
		};
		BD29D9D62B3E04A8006B8755 /* Models */ = {
			isa = PBXGroup;
			children = (
				BD1AF1512B29F1E800DC3388 /* UsersLocationModel.swift */,
				BD3AECAE2AE2C49E00DEB032 /* LoginModel.swift */,
				BD4B18F12AF2E27D0066E9DB /* ChatModel.swift */,
				BD3AECB02AE2D0C400DEB032 /* SignupModel.swift */,
				BD4B18EC2AF2D9C80066E9DB /* ConversationModel.swift */,
				BDEF99EF2AFFF62B00EDA94F /* MessageModel.swift */,
			);
			path = Models;
			sourceTree = "<group>";
		};
		BD29D9D72B3E0522006B8755 /* WebServices */ = {
			isa = PBXGroup;
			children = (
				BD1AF1532B29FBE100DC3388 /* UsersLocationViewModel.swift */,
				BD4B18EF2AF2DCBC0066E9DB /* ConversationViewModel.swift */,
				BD4B18F32AF2E3020066E9DB /* ChatViewModel.swift */,
				BDEF99F12AFFF6AC00EDA94F /* MessageViewModel.swift */,
			);
			path = WebServices;
			sourceTree = "<group>";
		};
		BD45FC472AE30EB100B5989A /* GoogleMap */ = {
			isa = PBXGroup;
			children = (
				BD29D9DB2B3E083D006B8755 /* LocationManager.swift */,
			);
			path = GoogleMap;
			sourceTree = "<group>";
		};
		BD4B18EB2AF2D99F0066E9DB /* Conversation */ = {
			isa = PBXGroup;
			children = (
				A2163D972AB4B32800A981CC /* ConversationView.swift */,
			);
			path = Conversation;
			sourceTree = "<group>";
		};
		BD4B18EE2AF2DC890066E9DB /* Chat */ = {
			isa = PBXGroup;
			children = (
				A2163D9A2AB4BD3E00A981CC /* ChatView.swift */,
				BDAE9FBA2AFC260300975341 /* MessageView.swift */,
			);
			path = Chat;
			sourceTree = "<group>";
		};
		BD547E2C2AFE62A6008BDAA5 /* UserDetails */ = {
			isa = PBXGroup;
			children = (
				BD547E2A2AFE627D008BDAA5 /* UserDetailsModel.swift */,
				BD547E2D2AFE62FC008BDAA5 /* UserDetailsViewModel.swift */,
			);
			path = UserDetails;
			sourceTree = "<group>";
		};
		BD83E05C2B46E48E00DB27C8 /* History */ = {
			isa = PBXGroup;
			children = (
				BD83E05D2B46E4AF00DB27C8 /* HistoryView.swift */,
			);
			path = History;
			sourceTree = "<group>";
		};
		BD949AB72B3AC6E700FB290D /* TimeSheet */ = {
			isa = PBXGroup;
			children = (
				BD949AB82B3AC70200FB290D /* TimeSheetView.swift */,
			);
			path = TimeSheet;
			sourceTree = "<group>";
		};
		BDB60B8A2AE1A8B0002ABBBC /* JobRequest */ = {
			isa = PBXGroup;
			children = (
				BD949AB52B3AC6AF00FB290D /* JobRequestView.swift */,
			);
			path = JobRequest;
			sourceTree = "<group>";
		};
		BDB60B8B2AE1A8D7002ABBBC /* Checkin */ = {
			isa = PBXGroup;
			children = (
				A2DED4002AAF77D6004CF21B /* CheckinView.swift */,
			);
			path = Checkin;
			sourceTree = "<group>";
		};
		BDB60B8C2AE1A8F1002ABBBC /* Notification */ = {
			isa = PBXGroup;
			children = (
				A2163D952AB4B28900A981CC /* NotificationView.swift */,
			);
			path = Notification;
			sourceTree = "<group>";
		};
		BDB60B932AE1B5E6002ABBBC /* Network */ = {
			isa = PBXGroup;
			children = (
				BDB60B912AE1B55D002ABBBC /* APIManager.swift */,
				BDB60B942AE1B609002ABBBC /* ApiLinks.swift */,
				BDEF99F32B01E7BF00EDA94F /* AppModel.swift */,
				BD6C789A2B0269F5007A19FE /* Constant.swift */,
				3795F18F2C931F2600B06D4F /* ApiResponseModel.swift */,
				3795F1912C931FA300B06D4F /* ApiErrorModel.swift */,
			);
			path = Network;
			sourceTree = "<group>";
		};
		EE1CE420CD132D0C251FAED9 /* Frameworks */ = {
			isa = PBXGroup;
			children = (
				06B9111F618872B56ED3F28F /* Pods_Teatherapp.framework */,
			);
			name = Frameworks;
			sourceTree = "<group>";
		};
/* End PBXGroup section */

/* Begin PBXNativeTarget section */
		A2BCBB622AA0FE9800DE6255 /* Teatherapp */ = {
			isa = PBXNativeTarget;
			buildConfigurationList = A2BCBB712AA0FE9A00DE6255 /* Build configuration list for PBXNativeTarget "Teatherapp" */;
			buildPhases = (
				CF0AA532B4FE184320A01D16 /* [CP] Check Pods Manifest.lock */,
				A2BCBB5F2AA0FE9800DE6255 /* Sources */,
				A2BCBB602AA0FE9800DE6255 /* Frameworks */,
				A2BCBB612AA0FE9800DE6255 /* Resources */,
				BC92EC0762B0CD3C4F182241 /* [CP] Embed Pods Frameworks */,
			);
			buildRules = (
			);
			dependencies = (
			);
			name = Teatherapp;
			packageProductDependencies = (
				BD29D9D92B3E07F1006B8755 /* SwiftUIMapView */,
				37A9A32B2C8A1C7800A47DA6 /* NSideMenu */,
			);
			productName = Teatherapp;
			productReference = A2BCBB632AA0FE9800DE6255 /* Tethr.app */;
			productType = "com.apple.product-type.application";
		};
/* End PBXNativeTarget section */

/* Begin PBXProject section */
		A2BCBB5B2AA0FE9800DE6255 /* Project object */ = {
			isa = PBXProject;
			attributes = {
				BuildIndependentTargetsInParallel = 1;
				LastSwiftUpdateCheck = 1500;
				LastUpgradeCheck = 1600;
				TargetAttributes = {
					A2BCBB622AA0FE9800DE6255 = {
						CreatedOnToolsVersion = 15.0;
					};
				};
			};
			buildConfigurationList = A2BCBB5E2AA0FE9800DE6255 /* Build configuration list for PBXProject "Teatherapp" */;
			compatibilityVersion = "Xcode 15.3";
			developmentRegion = en;
			hasScannedForEncodings = 0;
			knownRegions = (
				en,
				Base,
			);
			mainGroup = A2BCBB5A2AA0FE9800DE6255;
			packageReferences = (
				BD29D9D82B3E07F1006B8755 /* XCRemoteSwiftPackageReference "swiftui-mapview" */,
				37A9A32A2C8A1C7800A47DA6 /* XCRemoteSwiftPackageReference "NSideMenu" */,
			);
			productRefGroup = A2BCBB642AA0FE9800DE6255 /* Products */;
			projectDirPath = "";
			projectRoot = "";
			targets = (
				A2BCBB622AA0FE9800DE6255 /* Teatherapp */,
			);
		};
/* End PBXProject section */

/* Begin PBXResourcesBuildPhase section */
		A2BCBB612AA0FE9800DE6255 /* Resources */ = {
			isa = PBXResourcesBuildPhase;
			buildActionMask = 2147483647;
			files = (
				2CE3B5E72CA6D224000A5F5E /* CountryNumbers.json in Resources */,
				A2CEE1952AA6442900BDFF30 /* Colors.xcassets in Resources */,
				A26446802ADFC0D1006A9885 /* Assets.xcassets in Resources */,
				A2BCBB6E2AA0FE9A00DE6255 /* Preview Assets.xcassets in Resources */,
			);
			runOnlyForDeploymentPostprocessing = 0;
		};
/* End PBXResourcesBuildPhase section */

/* Begin PBXShellScriptBuildPhase section */
		BC92EC0762B0CD3C4F182241 /* [CP] Embed Pods Frameworks */ = {
			isa = PBXShellScriptBuildPhase;
			buildActionMask = 2147483647;
			files = (
			);
			inputFileListPaths = (
				"${PODS_ROOT}/Target Support Files/Pods-Teatherapp/Pods-Teatherapp-frameworks-${CONFIGURATION}-input-files.xcfilelist",
			);
			name = "[CP] Embed Pods Frameworks";
			outputFileListPaths = (
				"${PODS_ROOT}/Target Support Files/Pods-Teatherapp/Pods-Teatherapp-frameworks-${CONFIGURATION}-output-files.xcfilelist",
			);
			runOnlyForDeploymentPostprocessing = 0;
			shellPath = /bin/sh;
			shellScript = "\"${PODS_ROOT}/Target Support Files/Pods-Teatherapp/Pods-Teatherapp-frameworks.sh\"\n";
			showEnvVarsInLog = 0;
		};
		CF0AA532B4FE184320A01D16 /* [CP] Check Pods Manifest.lock */ = {
			isa = PBXShellScriptBuildPhase;
			buildActionMask = 2147483647;
			files = (
			);
			inputFileListPaths = (
			);
			inputPaths = (
				"${PODS_PODFILE_DIR_PATH}/Podfile.lock",
				"${PODS_ROOT}/Manifest.lock",
			);
			name = "[CP] Check Pods Manifest.lock";
			outputFileListPaths = (
			);
			outputPaths = (
				"$(DERIVED_FILE_DIR)/Pods-Teatherapp-checkManifestLockResult.txt",
			);
			runOnlyForDeploymentPostprocessing = 0;
			shellPath = /bin/sh;
			shellScript = "diff \"${PODS_PODFILE_DIR_PATH}/Podfile.lock\" \"${PODS_ROOT}/Manifest.lock\" > /dev/null\nif [ $? != 0 ] ; then\n    # print error to STDERR\n    echo \"error: The sandbox is not in sync with the Podfile.lock. Run 'pod install' or update your CocoaPods installation.\" >&2\n    exit 1\nfi\n# This output is used by Xcode 'outputs' to avoid re-running this script phase.\necho \"SUCCESS\" > \"${SCRIPT_OUTPUT_FILE_0}\"\n";
			showEnvVarsInLog = 0;
		};
/* End PBXShellScriptBuildPhase section */

/* Begin PBXSourcesBuildPhase section */
		A2BCBB5F2AA0FE9800DE6255 /* Sources */ = {
			isa = PBXSourcesBuildPhase;
			buildActionMask = 2147483647;
			files = (
				A2163D9B2AB4BD3E00A981CC /* ChatView.swift in Sources */,
				BD4945FA2AFAC024007B7867 /* TimeInterval.swift in Sources */,
				A254CC032AA788BD00FAE281 /* UnderLinePincodeView.swift in Sources */,
				A254CC012AA7826200FAE281 /* SignupView.swift in Sources */,
				37B272202C8E1B9F001BB0E0 /* PermissionLevelEnums.swift in Sources */,
				BD4B18F42AF2E3020066E9DB /* ChatViewModel.swift in Sources */,
				BDB60B902AE1B4B4002ABBBC /* LoginViewModel.swift in Sources */,
				BD949AB92B3AC70200FB290D /* TimeSheetView.swift in Sources */,
				2C160A9C2CA862D000609207 /* SimpleTextEditor.swift in Sources */,
				3713FF3D2C8E381500CDFF1E /* RadioView.swift in Sources */,
				2C160A962CA85AB100609207 /* AddFavoriteLocationViewModel.swift in Sources */,
				BDAE9FBB2AFC260300975341 /* MessageView.swift in Sources */,
				2CE3B5F02CA6DA54000A5F5E /* AddEasterEggView.swift in Sources */,
				A2002EE22AAB750C006D9AB8 /* TFBottomBar.swift in Sources */,
				2CE3B5DB2CA6CA04000A5F5E /* ContactUsView.swift in Sources */,
				2C160A912CA858E400609207 /* FavoriteLocationsView.swift in Sources */,
				2CE3B5ED2CA6D3D7000A5F5E /* PhoneNumberView.swift in Sources */,
				BD0F55FB2AE4556B00198F67 /* CalendarView.swift in Sources */,
				A2BCBB692AA0FE9800DE6255 /* LoginView.swift in Sources */,
				2C160A9A2CA85E8400609207 /* Untitled.swift in Sources */,
				37A9A3552C8A39A700A47DA6 /* sideMenu.swift in Sources */,
				BD691B0D2AEFB038009869D8 /* SOSView.swift in Sources */,
				A2163D962AB4B28900A981CC /* NotificationView.swift in Sources */,
				BD3AECB12AE2D0C400DEB032 /* SignupModel.swift in Sources */,
				2CE3B6042CA743A7000A5F5E /* SimpleTextButtonView.swift in Sources */,
				2C160A942CA85A9C00609207 /* AddFavoriteLocationView.swift in Sources */,
				2CE3B5F42CA6DB54000A5F5E /* EasterEggTypeDropdownMenuView.swift in Sources */,
				2C160A9E2CA8676F00609207 /* SimpleToggleButton.swift in Sources */,
				37B2721D2C8E1251001BB0E0 /* Invite_Member_view.swift in Sources */,
				2C8346B82CA62107009B9310 /* PackageCard.swift in Sources */,
				BD3AECB32AE2D1C100DEB032 /* SignupViewModel.swift in Sources */,
				BD4B18F02AF2DCBC0066E9DB /* ConversationViewModel.swift in Sources */,
				BD27D60D2AF3E5AD00D54FA6 /* LoadingView.swift in Sources */,
				BDB60B922AE1B55D002ABBBC /* APIManager.swift in Sources */,
				BDEF99F22AFFF6AC00EDA94F /* MessageViewModel.swift in Sources */,
				BD4B18ED2AF2D9C80066E9DB /* ConversationModel.swift in Sources */,
				BD12A8CE2AE3A79B00A61445 /* CountryPicker.swift in Sources */,
				A2097B252AB35251003C27C6 /* SettingView.swift in Sources */,
				3795F18B2C93147700B06D4F /* MyAlerts.swift in Sources */,
				2CE3B5FA2CA72888000A5F5E /* AddMediaButtonView.swift in Sources */,
				2CE3B5FE2CA7311F000A5F5E /* SelectAllRadioButton.swift in Sources */,
				2CE3B5EB2CA6D361000A5F5E /* CountryPhoneDataDecoder.swift in Sources */,
				2CE3B60D2CA77B57000A5F5E /* EasterEggsViewModel.swift in Sources */,
				2CE3B6082CA772DD000A5F5E /* TimeSelectView.swift in Sources */,
				37B272182C8DFF16001BB0E0 /* MyExtensions.swift in Sources */,
				A2163DA42AB4C1C500A981CC /* ViewportHelper.swift in Sources */,
				376BDB5F2C93A34600F1500F /* StorageHandler.swift in Sources */,
				BD0F55F62AE44F4700198F67 /* AppDelegate.swift in Sources */,
				A2CEE1982AA647D200BDFF30 /* ResetPassword.swift in Sources */,
				BD51B72D2AE66B5800EB6106 /* TFBottomBarModel.swift in Sources */,
				A254CC052AA78F4500FAE281 /* TFCapsuleButton.swift in Sources */,
				2CE3B5DD2CA6CC9E000A5F5E /* ContactUsViewModel.swift in Sources */,
				2C160AA12CA86DCD00609207 /* ShareWithView.swift in Sources */,
				BD83E05E2B46E4AF00DB27C8 /* HistoryView.swift in Sources */,
				BD547E2B2AFE627D008BDAA5 /* UserDetailsModel.swift in Sources */,
				376BDB5D2C939C3500F1500F /* AppConstants.swift in Sources */,
				3795F1902C931F2600B06D4F /* ApiResponseModel.swift in Sources */,
				BDB60B952AE1B609002ABBBC /* ApiLinks.swift in Sources */,
				BD547E302AFE6DF1008BDAA5 /* GetDateOrTime.swift in Sources */,
				2CE3B6062CA7515D000A5F5E /* DateAndTimeUtils.swift in Sources */,
				BDEF99F42B01E7BF00EDA94F /* AppModel.swift in Sources */,
				BD6C789B2B0269F5007A19FE /* Constant.swift in Sources */,
				A2E8FD962AAA33F10020C6E6 /* DashboardMap.swift in Sources */,
				BD547E252AFE4FD9008BDAA5 /* RootViewController.swift in Sources */,
				BD1AF1542B29FBE100DC3388 /* UsersLocationViewModel.swift in Sources */,
				A2CEE19A2AA649C800BDFF30 /* HomeView.swift in Sources */,
				BD949AB62B3AC6AF00FB290D /* JobRequestView.swift in Sources */,
				37B2721A2C8E0AA6001BB0E0 /* Side_Menu_Row_View.swift in Sources */,
				2CE3B6022CA73517000A5F5E /* WeekdayEnum.swift in Sources */,
				2C8346BB2CA626C5009B9310 /* SubscriptionView.swift in Sources */,
				A2097B272AB38216003C27C6 /* Helpers.swift in Sources */,
				2C160AA72CA87ED000609207 /* ReportMainView.swift in Sources */,
				2CE3B5F62CA711C0000A5F5E /* AddEasterEggViewModel.swift in Sources */,
				BD29D9DC2B3E083D006B8755 /* LocationManager.swift in Sources */,
				BD547E2E2AFE62FC008BDAA5 /* UserDetailsViewModel.swift in Sources */,
				37A9A3572C8A3A2200A47DA6 /* ImageOnCircle.swift in Sources */,
				A2DED4012AAF77D6004CF21B /* CheckinView.swift in Sources */,
				2CE3B5E92CA6D2CA000A5F5E /* CountryPhoneData.swift in Sources */,
				2CE3B5F82CA719DD000A5F5E /* EasterEggFrequencyEnum.swift in Sources */,
				BDD6F73A2AE849700080AC4C /* HeaderBarView.swift in Sources */,
				BD4B18F22AF2E27D0066E9DB /* ChatModel.swift in Sources */,
				BD1AF1522B29F1E800DC3388 /* UsersLocationModel.swift in Sources */,
				2C160AA42CA872B100609207 /* CheckInScheduleView.swift in Sources */,
				BDEF99F02AFFF62B00EDA94F /* MessageModel.swift in Sources */,
				2CD57A402CA450920012E862 /* ManageBoostView.swift in Sources */,
				BD3AECAF2AE2C49E00DEB032 /* LoginModel.swift in Sources */,
				A2BCBB752AA10AC400DE6255 /* TFButton.swift in Sources */,
				BD27D6112AF3FAFE00D54FA6 /* UserAuth.swift in Sources */,
				A2DED4032AAF7CCE004CF21B /* ShapeClasses.swift in Sources */,
				A2163D982AB4B32800A981CC /* ConversationView.swift in Sources */,
				2C8346B62CA61A71009B9310 /* BottomRoundedBackgroundRectangle.swift in Sources */,
				3795F1922C931FA300B06D4F /* ApiErrorModel.swift in Sources */,
				2CE3B6002CA734D3000A5F5E /* DayRadioButtonView.swift in Sources */,
				2C160A992CA85E8400609207 /* BackgroundViewWrapper.swift in Sources */,
				2C160AAA2CA882C400609207 /* ReportTypeView.swift in Sources */,
				BD547E232AFE4E79008BDAA5 /* SceneDelegate.swift in Sources */,
				2C618A632CA8C40300BFAB47 /* DownloadedReportsView.swift in Sources */,
				2CE3B60B2CA77B46000A5F5E /* EasterEggsView.swift in Sources */,
				A2BCBB672AA0FE9800DE6255 /* TeatherappApp.swift in Sources */,
				3795F18E2C9315F300B06D4F /* ApiEnums.swift in Sources */,
				BDB60B8E2AE1B1BA002ABBBC /* TextFields.swift in Sources */,
				BD38F4672AEA4B560032FAC7 /* UnderLineTabBarView.swift in Sources */,
				3713FF3F2C8E458200CDFF1E /* AppBarView.swift in Sources */,
			);
			runOnlyForDeploymentPostprocessing = 0;
		};
/* End PBXSourcesBuildPhase section */

/* Begin XCBuildConfiguration section */
		A2BCBB6F2AA0FE9A00DE6255 /* Debug */ = {
			isa = XCBuildConfiguration;
			buildSettings = {
				ALWAYS_SEARCH_USER_PATHS = NO;
				ASSETCATALOG_COMPILER_GENERATE_SWIFT_ASSET_SYMBOL_EXTENSIONS = YES;
				CLANG_ANALYZER_NONNULL = YES;
				CLANG_ANALYZER_NUMBER_OBJECT_CONVERSION = YES_AGGRESSIVE;
				CLANG_CXX_LANGUAGE_STANDARD = "gnu++20";
				CLANG_ENABLE_MODULES = YES;
				CLANG_ENABLE_OBJC_ARC = YES;
				CLANG_ENABLE_OBJC_WEAK = YES;
				CLANG_WARN_BLOCK_CAPTURE_AUTORELEASING = YES;
				CLANG_WARN_BOOL_CONVERSION = YES;
				CLANG_WARN_COMMA = YES;
				CLANG_WARN_CONSTANT_CONVERSION = YES;
				CLANG_WARN_DEPRECATED_OBJC_IMPLEMENTATIONS = YES;
				CLANG_WARN_DIRECT_OBJC_ISA_USAGE = YES_ERROR;
				CLANG_WARN_DOCUMENTATION_COMMENTS = YES;
				CLANG_WARN_EMPTY_BODY = YES;
				CLANG_WARN_ENUM_CONVERSION = YES;
				CLANG_WARN_INFINITE_RECURSION = YES;
				CLANG_WARN_INT_CONVERSION = YES;
				CLANG_WARN_NON_LITERAL_NULL_CONVERSION = YES;
				CLANG_WARN_OBJC_IMPLICIT_RETAIN_SELF = YES;
				CLANG_WARN_OBJC_LITERAL_CONVERSION = YES;
				CLANG_WARN_OBJC_ROOT_CLASS = YES_ERROR;
				CLANG_WARN_QUOTED_INCLUDE_IN_FRAMEWORK_HEADER = YES;
				CLANG_WARN_RANGE_LOOP_ANALYSIS = YES;
				CLANG_WARN_STRICT_PROTOTYPES = YES;
				CLANG_WARN_SUSPICIOUS_MOVE = YES;
				CLANG_WARN_UNGUARDED_AVAILABILITY = YES_AGGRESSIVE;
				CLANG_WARN_UNREACHABLE_CODE = YES;
				CLANG_WARN__DUPLICATE_METHOD_MATCH = YES;
				COPY_PHASE_STRIP = NO;
				DEBUG_INFORMATION_FORMAT = dwarf;
				ENABLE_STRICT_OBJC_MSGSEND = YES;
				ENABLE_TESTABILITY = YES;
				ENABLE_USER_SCRIPT_SANDBOXING = NO;
				GCC_C_LANGUAGE_STANDARD = gnu17;
				GCC_DYNAMIC_NO_PIC = NO;
				GCC_NO_COMMON_BLOCKS = YES;
				GCC_OPTIMIZATION_LEVEL = 0;
				GCC_PREPROCESSOR_DEFINITIONS = (
					"DEBUG=1",
					"$(inherited)",
				);
				GCC_WARN_64_TO_32_BIT_CONVERSION = YES;
				GCC_WARN_ABOUT_RETURN_TYPE = YES_ERROR;
				GCC_WARN_UNDECLARED_SELECTOR = YES;
				GCC_WARN_UNINITIALIZED_AUTOS = YES_AGGRESSIVE;
				GCC_WARN_UNUSED_FUNCTION = YES;
				GCC_WARN_UNUSED_VARIABLE = YES;
				IPHONEOS_DEPLOYMENT_TARGET = 16.0;
				LOCALIZATION_PREFERS_STRING_CATALOGS = YES;
				MTL_ENABLE_DEBUG_INFO = INCLUDE_SOURCE;
				MTL_FAST_MATH = YES;
				ONLY_ACTIVE_ARCH = YES;
				SDKROOT = iphoneos;
				SWIFT_ACTIVE_COMPILATION_CONDITIONS = "DEBUG $(inherited)";
				SWIFT_OPTIMIZATION_LEVEL = "-Onone";
			};
			name = Debug;
		};
		A2BCBB702AA0FE9A00DE6255 /* Release */ = {
			isa = XCBuildConfiguration;
			buildSettings = {
				ALWAYS_SEARCH_USER_PATHS = NO;
				ASSETCATALOG_COMPILER_GENERATE_SWIFT_ASSET_SYMBOL_EXTENSIONS = YES;
				CLANG_ANALYZER_NONNULL = YES;
				CLANG_ANALYZER_NUMBER_OBJECT_CONVERSION = YES_AGGRESSIVE;
				CLANG_CXX_LANGUAGE_STANDARD = "gnu++20";
				CLANG_ENABLE_MODULES = YES;
				CLANG_ENABLE_OBJC_ARC = YES;
				CLANG_ENABLE_OBJC_WEAK = YES;
				CLANG_WARN_BLOCK_CAPTURE_AUTORELEASING = YES;
				CLANG_WARN_BOOL_CONVERSION = YES;
				CLANG_WARN_COMMA = YES;
				CLANG_WARN_CONSTANT_CONVERSION = YES;
				CLANG_WARN_DEPRECATED_OBJC_IMPLEMENTATIONS = YES;
				CLANG_WARN_DIRECT_OBJC_ISA_USAGE = YES_ERROR;
				CLANG_WARN_DOCUMENTATION_COMMENTS = YES;
				CLANG_WARN_EMPTY_BODY = YES;
				CLANG_WARN_ENUM_CONVERSION = YES;
				CLANG_WARN_INFINITE_RECURSION = YES;
				CLANG_WARN_INT_CONVERSION = YES;
				CLANG_WARN_NON_LITERAL_NULL_CONVERSION = YES;
				CLANG_WARN_OBJC_IMPLICIT_RETAIN_SELF = YES;
				CLANG_WARN_OBJC_LITERAL_CONVERSION = YES;
				CLANG_WARN_OBJC_ROOT_CLASS = YES_ERROR;
				CLANG_WARN_QUOTED_INCLUDE_IN_FRAMEWORK_HEADER = YES;
				CLANG_WARN_RANGE_LOOP_ANALYSIS = YES;
				CLANG_WARN_STRICT_PROTOTYPES = YES;
				CLANG_WARN_SUSPICIOUS_MOVE = YES;
				CLANG_WARN_UNGUARDED_AVAILABILITY = YES_AGGRESSIVE;
				CLANG_WARN_UNREACHABLE_CODE = YES;
				CLANG_WARN__DUPLICATE_METHOD_MATCH = YES;
				COPY_PHASE_STRIP = NO;
				DEBUG_INFORMATION_FORMAT = "dwarf-with-dsym";
				ENABLE_NS_ASSERTIONS = NO;
				ENABLE_STRICT_OBJC_MSGSEND = YES;
				ENABLE_USER_SCRIPT_SANDBOXING = NO;
				GCC_C_LANGUAGE_STANDARD = gnu17;
				GCC_NO_COMMON_BLOCKS = YES;
				GCC_WARN_64_TO_32_BIT_CONVERSION = YES;
				GCC_WARN_ABOUT_RETURN_TYPE = YES_ERROR;
				GCC_WARN_UNDECLARED_SELECTOR = YES;
				GCC_WARN_UNINITIALIZED_AUTOS = YES_AGGRESSIVE;
				GCC_WARN_UNUSED_FUNCTION = YES;
				GCC_WARN_UNUSED_VARIABLE = YES;
				IPHONEOS_DEPLOYMENT_TARGET = 16.0;
				LOCALIZATION_PREFERS_STRING_CATALOGS = YES;
				MTL_ENABLE_DEBUG_INFO = NO;
				MTL_FAST_MATH = YES;
				SDKROOT = iphoneos;
				SWIFT_COMPILATION_MODE = wholemodule;
				VALIDATE_PRODUCT = YES;
			};
			name = Release;
		};
		A2BCBB722AA0FE9A00DE6255 /* Debug */ = {
			isa = XCBuildConfiguration;
			baseConfigurationReference = A47B9C91E5D8751B30D135CE /* Pods-Teatherapp.debug.xcconfig */;
			buildSettings = {
				ASSETCATALOG_COMPILER_APPICON_NAME = AppIcon;
				ASSETCATALOG_COMPILER_GLOBAL_ACCENT_COLOR_NAME = AccentColor;
				CODE_SIGN_IDENTITY = "Apple Development";
				CODE_SIGN_STYLE = Automatic;
				CURRENT_PROJECT_VERSION = 1;
				DEVELOPMENT_ASSET_PATHS = "\"Teatherapp/Preview Content\"";
				DEVELOPMENT_TEAM = 5PDUY9Q6GZ;
				ENABLE_PREVIEWS = YES;
				GENERATE_INFOPLIST_FILE = YES;
				INFOPLIST_FILE = Teatherapp/Info.plist;
				INFOPLIST_KEY_NSCalendarsUsageDescription = "Save events";
				INFOPLIST_KEY_NSLocationWhenInUseUsageDescription = "This app uses your location for checkins";
				INFOPLIST_KEY_UIApplicationSceneManifest_Generation = YES;
				INFOPLIST_KEY_UIApplicationSupportsIndirectInputEvents = YES;
				INFOPLIST_KEY_UILaunchScreen_Generation = YES;
				INFOPLIST_KEY_UILaunchStoryboardName = LaunchScreen.storyboard;
				INFOPLIST_KEY_UISupportedInterfaceOrientations = UIInterfaceOrientationPortrait;
				INFOPLIST_KEY_UISupportedInterfaceOrientations_iPad = "UIInterfaceOrientationLandscapeLeft UIInterfaceOrientationLandscapeRight UIInterfaceOrientationPortrait UIInterfaceOrientationPortraitUpsideDown";
				IPHONEOS_DEPLOYMENT_TARGET = 16.4;
				LD_RUNPATH_SEARCH_PATHS = (
					"$(inherited)",
					"@executable_path/Frameworks",
				);
				MARKETING_VERSION = 1.0;
				PRODUCT_BUNDLE_IDENTIFIER = com.thethrfamily;
				PRODUCT_NAME = Tethr;
				PROVISIONING_PROFILE_SPECIFIER = "";
				SWIFT_EMIT_LOC_STRINGS = YES;
				SWIFT_VERSION = 5.0;
				TARGETED_DEVICE_FAMILY = "1,2";
			};
			name = Debug;
		};
		A2BCBB732AA0FE9A00DE6255 /* Release */ = {
			isa = XCBuildConfiguration;
			baseConfigurationReference = AFBCE7539916E841B8948DDA /* Pods-Teatherapp.release.xcconfig */;
			buildSettings = {
				ASSETCATALOG_COMPILER_APPICON_NAME = AppIcon;
				ASSETCATALOG_COMPILER_GLOBAL_ACCENT_COLOR_NAME = AccentColor;
				CODE_SIGN_IDENTITY = "Apple Development";
				CODE_SIGN_STYLE = Automatic;
				CURRENT_PROJECT_VERSION = 1;
				DEVELOPMENT_ASSET_PATHS = "\"Teatherapp/Preview Content\"";
				DEVELOPMENT_TEAM = 5PDUY9Q6GZ;
				ENABLE_PREVIEWS = YES;
				GENERATE_INFOPLIST_FILE = YES;
				INFOPLIST_FILE = Teatherapp/Info.plist;
				INFOPLIST_KEY_NSCalendarsUsageDescription = "Save events";
				INFOPLIST_KEY_NSLocationWhenInUseUsageDescription = "This app uses your location for checkins";
				INFOPLIST_KEY_UIApplicationSceneManifest_Generation = YES;
				INFOPLIST_KEY_UIApplicationSupportsIndirectInputEvents = YES;
				INFOPLIST_KEY_UILaunchScreen_Generation = YES;
				INFOPLIST_KEY_UILaunchStoryboardName = LaunchScreen.storyboard;
				INFOPLIST_KEY_UISupportedInterfaceOrientations = UIInterfaceOrientationPortrait;
				INFOPLIST_KEY_UISupportedInterfaceOrientations_iPad = "UIInterfaceOrientationLandscapeLeft UIInterfaceOrientationLandscapeRight UIInterfaceOrientationPortrait UIInterfaceOrientationPortraitUpsideDown";
				IPHONEOS_DEPLOYMENT_TARGET = 16.4;
				LD_RUNPATH_SEARCH_PATHS = (
					"$(inherited)",
					"@executable_path/Frameworks",
				);
				MARKETING_VERSION = 1.0;
				PRODUCT_BUNDLE_IDENTIFIER = com.thethrfamily;
				PRODUCT_NAME = Tethr;
				PROVISIONING_PROFILE_SPECIFIER = "";
				SWIFT_EMIT_LOC_STRINGS = YES;
				SWIFT_VERSION = 5.0;
				TARGETED_DEVICE_FAMILY = "1,2";
			};
			name = Release;
		};
/* End XCBuildConfiguration section */

/* Begin XCConfigurationList section */
		A2BCBB5E2AA0FE9800DE6255 /* Build configuration list for PBXProject "Teatherapp" */ = {
			isa = XCConfigurationList;
			buildConfigurations = (
				A2BCBB6F2AA0FE9A00DE6255 /* Debug */,
				A2BCBB702AA0FE9A00DE6255 /* Release */,
			);
			defaultConfigurationIsVisible = 0;
			defaultConfigurationName = Release;
		};
		A2BCBB712AA0FE9A00DE6255 /* Build configuration list for PBXNativeTarget "Teatherapp" */ = {
			isa = XCConfigurationList;
			buildConfigurations = (
				A2BCBB722AA0FE9A00DE6255 /* Debug */,
				A2BCBB732AA0FE9A00DE6255 /* Release */,
			);
			defaultConfigurationIsVisible = 0;
			defaultConfigurationName = Release;
		};
/* End XCConfigurationList section */

/* Begin XCRemoteSwiftPackageReference section */
		37A9A32A2C8A1C7800A47DA6 /* XCRemoteSwiftPackageReference "NSideMenu" */ = {
			isa = XCRemoteSwiftPackageReference;
			repositoryURL = "https://github.com/itisnajim/NSideMenu.git";
			requirement = {
				kind = upToNextMajorVersion;
				minimumVersion = 1.0.1;
			};
		};
		BD29D9D82B3E07F1006B8755 /* XCRemoteSwiftPackageReference "swiftui-mapview" */ = {
			isa = XCRemoteSwiftPackageReference;
			repositoryURL = "https://github.com/sgade/swiftui-mapview";
			requirement = {
				kind = upToNextMajorVersion;
				minimumVersion = 1.2.2;
			};
		};
/* End XCRemoteSwiftPackageReference section */

/* Begin XCSwiftPackageProductDependency section */
		37A9A32B2C8A1C7800A47DA6 /* NSideMenu */ = {
			isa = XCSwiftPackageProductDependency;
			package = 37A9A32A2C8A1C7800A47DA6 /* XCRemoteSwiftPackageReference "NSideMenu" */;
			productName = NSideMenu;
		};
		BD29D9D92B3E07F1006B8755 /* SwiftUIMapView */ = {
			isa = XCSwiftPackageProductDependency;
			package = BD29D9D82B3E07F1006B8755 /* XCRemoteSwiftPackageReference "swiftui-mapview" */;
			productName = SwiftUIMapView;
		};
/* End XCSwiftPackageProductDependency section */
	};
	rootObject = A2BCBB5B2AA0FE9800DE6255 /* Project object */;
}
